PODS:
  - Alamofire (5.9.0)
  - RxCocoa (6.6.0):
    - RxRelay (= 6.6.0)
    - RxSwift (= 6.6.0)
  - RxRelay (6.6.0):
    - RxSwift (= 6.6.0)
  - RxSwift (6.6.0)
  - SnapKit (5.7.1)
  - Then (3.0.0)

DEPENDENCIES:
  - Alamofire (~> 5.8)
  - RxCocoa (= 6.6.0)
  - RxSwift (= 6.6.0)
  - SnapKit (~> 5.7.0)
  - Then

SPEC REPOS:
  trunk:
    - Alamofire
    - RxCocoa
    - RxRelay
    - RxSwift
    - SnapKit
    - Then

SPEC CHECKSUMS:
  Alamofire: 02b772c9910e8eba1a079227c32fbd9e46c90a24
  RxCocoa: 44a80de90e25b739b5aeaae3c8c371a32e3343cc
  RxRelay: 45eaa5db8ee4fb50e5ebd57deec0159e97fa51e6
  RxSwift: a4b44f7d24599f674deebd1818eab82e58410632
  SnapKit: d612e99e678a2d3b95bf60b0705ed0a35c03484a
  Then: 844265ae87834bbe1147d91d5d41a404da2ec27d

PODFILE CHECKSUM: f42f0d586783240d8c9e0098148fb89f40b4ef85

COCOAPODS: 1.15.2
