PODS:
  - Alamofire (5.9.0)
  - IQKeyboardManagerSwift (7.0.1)
  - Kingfisher (7.11.0)
  - RxCocoa (6.6.0):
    - RxRelay (= 6.6.0)
    - RxSwift (= 6.6.0)
  - RxRelay (6.6.0):
    - RxSwift (= 6.6.0)
  - RxSwift (6.6.0)
  - RxViewController (2.0.0):
    - RxCocoa (~> 6.0)
    - RxSwift (~> 6.0)
  - SnapKit (5.7.1)
  - STTextView (1.1.3)
  - TextFieldEffects (1.6.0)
  - Then (3.0.0)
  - Toast-Swift (5.1.0)

DEPENDENCIES:
  - Alamofire (~> 5.8)
  - IQKeyboardManagerSwift
  - Kingfisher (~> 7.0)
  - RxCocoa (= 6.6.0)
  - RxSwift (= 6.6.0)
  - RxViewController
  - SnapKit (~> 5.7.0)
  - STTextView
  - TextFieldEffects
  - Then
  - Toast-Swift (~> 5.1.0)

SPEC REPOS:
  trunk:
    - Alamofire
    - IQKeyboardManagerSwift
    - Kingfisher
    - RxCocoa
    - RxRelay
    - RxSwift
    - RxViewController
    - SnapKit
    - STTextView
    - TextFieldEffects
    - Then
    - Toast-Swift

SPEC CHECKSUMS:
  Alamofire: 02b772c9910e8eba1a079227c32fbd9e46c90a24
  IQKeyboardManagerSwift: 7f6b1b1d1497855d2beea7f2f10ffcc6978525b1
  Kingfisher: b9c985d864d43515f404f1ef4a8ce7d802ace3ac
  RxCocoa: 44a80de90e25b739b5aeaae3c8c371a32e3343cc
  RxRelay: 45eaa5db8ee4fb50e5ebd57deec0159e97fa51e6
  RxSwift: a4b44f7d24599f674deebd1818eab82e58410632
  RxViewController: 56486fa0afd629a1d6b5ba077f3b8cd9dc31b5d2
  SnapKit: d612e99e678a2d3b95bf60b0705ed0a35c03484a
  STTextView: cb4d43949845294bd7d203f870bb50a426b65e36
  TextFieldEffects: 529b8aff706fb40f82c41c780c0777941a893796
  Then: 844265ae87834bbe1147d91d5d41a404da2ec27d
  Toast-Swift: dd369e68ee529f542c65bd0d0c6c50cd743cf6f2

PODFILE CHECKSUM: 480492b9bcb49142aa761ce03f7d6bd97252ab37

COCOAPODS: 1.15.2
