// !$*UTF8*$!
{
	archiveVersion = 1;
	classes = {
	};
	objectVersion = 56;
	objects = {

/* Begin PBXBuildFile section */
		217C9232DB0C64915C533AF0 /* Pods_YeogiApa.framework in Frameworks */ = {isa = PBXBuildFile; fileRef = DBEC6A0F713D23C5F15574E0 /* Pods_YeogiApa.framework */; };
		DB204D942BD29E5D006340BE /* UITabBarController+Extension.swift in Sources */ = {isa = PBXBuildFile; fileRef = DB204D932BD29E5D006340BE /* UITabBarController+Extension.swift */; };
		DB204D962BD29F0A006340BE /* MainTabBarController.swift in Sources */ = {isa = PBXBuildFile; fileRef = DB204D952BD29F0A006340BE /* MainTabBarController.swift */; };
		DB204D982BD2A669006340BE /* QuestionCoordinator.swift in Sources */ = {isa = PBXBuildFile; fileRef = DB204D972BD2A669006340BE /* QuestionCoordinator.swift */; };
		DB204D9A2BD2A6C7006340BE /* QuestionViewController.swift in Sources */ = {isa = PBXBuildFile; fileRef = DB204D992BD2A6C7006340BE /* QuestionViewController.swift */; };
		DB204D9C2BD2A8C9006340BE /* BoardMainViewModel.swift in Sources */ = {isa = PBXBuildFile; fileRef = DB204D9B2BD2A8C9006340BE /* BoardMainViewModel.swift */; };
		DB204D9E2BD2DDBB006340BE /* QuestionView.swift in Sources */ = {isa = PBXBuildFile; fileRef = DB204D9D2BD2DDBB006340BE /* QuestionView.swift */; };
		DB204DA02BD2E58D006340BE /* DelimiterLine.swift in Sources */ = {isa = PBXBuildFile; fileRef = DB204D9F2BD2E58D006340BE /* DelimiterLine.swift */; };
		DB204DA22BD2E926006340BE /* UITextView+Extension.swift in Sources */ = {isa = PBXBuildFile; fileRef = DB204DA12BD2E926006340BE /* UITextView+Extension.swift */; };
		DB204DA42BD422A7006340BE /* QuestionViewModel.swift in Sources */ = {isa = PBXBuildFile; fileRef = DB204DA32BD422A7006340BE /* QuestionViewModel.swift */; };
		DB204DE62BD56158006340BE /* UIImage+Extension.swift in Sources */ = {isa = PBXBuildFile; fileRef = DB204DE52BD56158006340BE /* UIImage+Extension.swift */; };
		DB204DE82BD57525006340BE /* CategorySelectView.swift in Sources */ = {isa = PBXBuildFile; fileRef = DB204DE72BD57525006340BE /* CategorySelectView.swift */; };
		DB204DED2BD575AD006340BE /* Category.swift in Sources */ = {isa = PBXBuildFile; fileRef = DB204DEC2BD575AD006340BE /* Category.swift */; };
		DB204DEF2BD57774006340BE /* CategorySelectViewController.swift in Sources */ = {isa = PBXBuildFile; fileRef = DB204DEE2BD57774006340BE /* CategorySelectViewController.swift */; };
		DB410FF52BD0CFA10088679F /* MainViewController.swift in Sources */ = {isa = PBXBuildFile; fileRef = DB410FF42BD0CFA10088679F /* MainViewController.swift */; };
		DB410FF92BD0D00E0088679F /* MainTabbarCoordinator.swift in Sources */ = {isa = PBXBuildFile; fileRef = DB410FF82BD0D00E0088679F /* MainTabbarCoordinator.swift */; };
		DB4110052BD15B300088679F /* BoardCoordinator.swift in Sources */ = {isa = PBXBuildFile; fileRef = DB4110042BD15B300088679F /* BoardCoordinator.swift */; };
		DB4110072BD15B3B0088679F /* SettingCoordinator.swift in Sources */ = {isa = PBXBuildFile; fileRef = DB4110062BD15B3B0088679F /* SettingCoordinator.swift */; };
		DB4110092BD160B00088679F /* BoardMainViewController.swift in Sources */ = {isa = PBXBuildFile; fileRef = DB4110082BD160B00088679F /* BoardMainViewController.swift */; };
		DB41100B2BD160F80088679F /* BoardMainView.swift in Sources */ = {isa = PBXBuildFile; fileRef = DB41100A2BD160F80088679F /* BoardMainView.swift */; };
		DB4110102BD173860088679F /* MainRouter.swift in Sources */ = {isa = PBXBuildFile; fileRef = DB41100F2BD173860088679F /* MainRouter.swift */; };
		DB4110122BD173D60088679F /* WriteRequest.swift in Sources */ = {isa = PBXBuildFile; fileRef = DB4110112BD173D60088679F /* WriteRequest.swift */; };
		DB4110142BD19E0A0088679F /* WriteResponse.swift in Sources */ = {isa = PBXBuildFile; fileRef = DB4110132BD19E0A0088679F /* WriteResponse.swift */; };
		DB4110162BD1AC720088679F /* Notification.Name+Extension.swift in Sources */ = {isa = PBXBuildFile; fileRef = DB4110152BD1AC720088679F /* Notification.Name+Extension.swift */; };
		DB901C5F2BD5835F003EEDC6 /* LinkViewController.swift in Sources */ = {isa = PBXBuildFile; fileRef = DB901C5E2BD5835F003EEDC6 /* LinkViewController.swift */; };
		DB901C612BD58C7C003EEDC6 /* CompleteButton.swift in Sources */ = {isa = PBXBuildFile; fileRef = DB901C602BD58C7C003EEDC6 /* CompleteButton.swift */; };
		DB901C702BD694DC003EEDC6 /* FilesRequest.swift in Sources */ = {isa = PBXBuildFile; fileRef = DB901C6F2BD694DC003EEDC6 /* FilesRequest.swift */; };
		DB901C742BD69531003EEDC6 /* FilesResponse.swift in Sources */ = {isa = PBXBuildFile; fileRef = DB901C732BD69531003EEDC6 /* FilesResponse.swift */; };
		DB901C762BD6D9A7003EEDC6 /* ImageResize.swift in Sources */ = {isa = PBXBuildFile; fileRef = DB901C752BD6D9A7003EEDC6 /* ImageResize.swift */; };
		DBB7C6622BD7B77800D3081A /* InquiryRequest.swift in Sources */ = {isa = PBXBuildFile; fileRef = DBB7C6612BD7B77800D3081A /* InquiryRequest.swift */; };
		DBB7C6642BD7B89F00D3081A /* QueryString.swift in Sources */ = {isa = PBXBuildFile; fileRef = DBB7C6632BD7B89F00D3081A /* QueryString.swift */; };
		DBB7C6662BD7B9C200D3081A /* InquiryResponse.swift in Sources */ = {isa = PBXBuildFile; fileRef = DBB7C6652BD7B9C200D3081A /* InquiryResponse.swift */; };
		DBCBA9E02BC7BE34006B40CA /* AppDelegate.swift in Sources */ = {isa = PBXBuildFile; fileRef = DBCBA9DF2BC7BE34006B40CA /* AppDelegate.swift */; };
		DBCBA9E22BC7BE34006B40CA /* SceneDelegate.swift in Sources */ = {isa = PBXBuildFile; fileRef = DBCBA9E12BC7BE34006B40CA /* SceneDelegate.swift */; };
		DBCBA9E92BC7BE35006B40CA /* Assets.xcassets in Resources */ = {isa = PBXBuildFile; fileRef = DBCBA9E82BC7BE35006B40CA /* Assets.xcassets */; };
		DBCBA9EC2BC7BE35006B40CA /* Base in Resources */ = {isa = PBXBuildFile; fileRef = DBCBA9EB2BC7BE35006B40CA /* Base */; };
		DBCBA9F42BC7BE5C006B40CA /* .gitignore in Resources */ = {isa = PBXBuildFile; fileRef = DBCBA9F32BC7BE5C006B40CA /* .gitignore */; };
		DBCBAA012BC7CCFE006B40CA /* APIKey.swift in Sources */ = {isa = PBXBuildFile; fileRef = DBCBAA002BC7CCFE006B40CA /* APIKey.swift */; };
		DBCBAA042BC7CD32006B40CA /* BaseViewController.swift in Sources */ = {isa = PBXBuildFile; fileRef = DBCBAA022BC7CD32006B40CA /* BaseViewController.swift */; };
		DBCBAA052BC7CD32006B40CA /* BaseView.swift in Sources */ = {isa = PBXBuildFile; fileRef = DBCBAA032BC7CD32006B40CA /* BaseView.swift */; };
		DBCBAA072BC7CE79006B40CA /* DesignSystem.swift in Sources */ = {isa = PBXBuildFile; fileRef = DBCBAA062BC7CE79006B40CA /* DesignSystem.swift */; };
		DBCBAA092BC7CEE8006B40CA /* UserRouter.swift in Sources */ = {isa = PBXBuildFile; fileRef = DBCBAA082BC7CEE8006B40CA /* UserRouter.swift */; };
		DBCBAA0B2BC7D0A5006B40CA /* LoginRequest.swift in Sources */ = {isa = PBXBuildFile; fileRef = DBCBAA0A2BC7D0A5006B40CA /* LoginRequest.swift */; };
		DBCBAA0D2BC7D0B9006B40CA /* HTTPHeader.swift in Sources */ = {isa = PBXBuildFile; fileRef = DBCBAA0C2BC7D0B9006B40CA /* HTTPHeader.swift */; };
		DBCBAA0F2BC7D0E1006B40CA /* NetworkManager.swift in Sources */ = {isa = PBXBuildFile; fileRef = DBCBAA0E2BC7D0E1006B40CA /* NetworkManager.swift */; };
		DBCBAA112BC7D0F0006B40CA /* TargetType.swift in Sources */ = {isa = PBXBuildFile; fileRef = DBCBAA102BC7D0F0006B40CA /* TargetType.swift */; };
		DBCBAA132BC7D900006B40CA /* LoginResponse.swift in Sources */ = {isa = PBXBuildFile; fileRef = DBCBAA122BC7D900006B40CA /* LoginResponse.swift */; };
		DBCBAA152BC7DC8C006B40CA /* JoinRequest.swift in Sources */ = {isa = PBXBuildFile; fileRef = DBCBAA142BC7DC8C006B40CA /* JoinRequest.swift */; };
		DBCBAA172BC7E02D006B40CA /* EmailLoginViewController.swift in Sources */ = {isa = PBXBuildFile; fileRef = DBCBAA162BC7E02D006B40CA /* EmailLoginViewController.swift */; };
		DBCBAA192BC7E106006B40CA /* EmailLoginView.swift in Sources */ = {isa = PBXBuildFile; fileRef = DBCBAA182BC7E106006B40CA /* EmailLoginView.swift */; };
		DBCBAA1F2BC7E7F2006B40CA /* ReusableID.swift in Sources */ = {isa = PBXBuildFile; fileRef = DBCBAA1D2BC7E7F2006B40CA /* ReusableID.swift */; };
		DBCBAA202BC7E7F2006B40CA /* ViewModelType.swift in Sources */ = {isa = PBXBuildFile; fileRef = DBCBAA1E2BC7E7F2006B40CA /* ViewModelType.swift */; };
		DBCBAA222BC7E804006B40CA /* UIViewController+Extension.swift in Sources */ = {isa = PBXBuildFile; fileRef = DBCBAA212BC7E804006B40CA /* UIViewController+Extension.swift */; };
		DBCBAA242BC7E82A006B40CA /* EmailLoginViewModel.swift in Sources */ = {isa = PBXBuildFile; fileRef = DBCBAA232BC7E82A006B40CA /* EmailLoginViewModel.swift */; };
		DBCBAA272BC82D5A006B40CA /* UserDefaultManager.swift in Sources */ = {isa = PBXBuildFile; fileRef = DBCBAA262BC82D5A006B40CA /* UserDefaultManager.swift */; };
		DBCBAA292BC839EB006B40CA /* RefreshResponse.swift in Sources */ = {isa = PBXBuildFile; fileRef = DBCBAA282BC839EB006B40CA /* RefreshResponse.swift */; };
		DBCBAA2B2BC83A54006B40CA /* RefreshRequest.swift in Sources */ = {isa = PBXBuildFile; fileRef = DBCBAA2A2BC83A54006B40CA /* RefreshRequest.swift */; };
		DBCBAA2D2BC84842006B40CA /* ProfileResponse.swift in Sources */ = {isa = PBXBuildFile; fileRef = DBCBAA2C2BC84842006B40CA /* ProfileResponse.swift */; };
		DBCBAA2F2BC86224006B40CA /* AuthManager.swift in Sources */ = {isa = PBXBuildFile; fileRef = DBCBAA2E2BC86224006B40CA /* AuthManager.swift */; };
		DBCBAA502BCCFA0B006B40CA /* Protocol.swift in Sources */ = {isa = PBXBuildFile; fileRef = DBCBAA4F2BCCFA0B006B40CA /* Protocol.swift */; };
		DBCBAA522BCCFA71006B40CA /* AppCoordinator.swift in Sources */ = {isa = PBXBuildFile; fileRef = DBCBAA512BCCFA71006B40CA /* AppCoordinator.swift */; };
		DBCBAA542BCD006E006B40CA /* UserCoordinator.swift in Sources */ = {isa = PBXBuildFile; fileRef = DBCBAA532BCD006E006B40CA /* UserCoordinator.swift */; };
		DBCBAA562BCD0705006B40CA /* SignInUpViewController.swift in Sources */ = {isa = PBXBuildFile; fileRef = DBCBAA552BCD0705006B40CA /* SignInUpViewController.swift */; };
		DBCBAA582BCD0ACC006B40CA /* SignInUpView.swift in Sources */ = {isa = PBXBuildFile; fileRef = DBCBAA572BCD0ACC006B40CA /* SignInUpView.swift */; };
		DBCBAA5A2BCD5D05006B40CA /* SignUpEmailViewController.swift in Sources */ = {isa = PBXBuildFile; fileRef = DBCBAA592BCD5D05006B40CA /* SignUpEmailViewController.swift */; };
		DBCBAA5F2BCD61E5006B40CA /* SignTextField.swift in Sources */ = {isa = PBXBuildFile; fileRef = DBCBAA5E2BCD61E5006B40CA /* SignTextField.swift */; };
		DBCBAA612BCD6A07006B40CA /* SignUpEmailViewModel.swift in Sources */ = {isa = PBXBuildFile; fileRef = DBCBAA602BCD6A07006B40CA /* SignUpEmailViewModel.swift */; };
		DBCBAA632BCD73D9006B40CA /* EmailValidationRequest.swift in Sources */ = {isa = PBXBuildFile; fileRef = DBCBAA622BCD73D9006B40CA /* EmailValidationRequest.swift */; };
		DBCBE3B52BCD845F00B6DAC5 /* SignUpPasswordViewController.swift in Sources */ = {isa = PBXBuildFile; fileRef = DBCBE3B42BCD845F00B6DAC5 /* SignUpPasswordViewController.swift */; };
		DBCBE3B72BCD87B700B6DAC5 /* SignUpPasswordViewModel.swift in Sources */ = {isa = PBXBuildFile; fileRef = DBCBE3B62BCD87B700B6DAC5 /* SignUpPasswordViewModel.swift */; };
		DBCBE3B92BCD892500B6DAC5 /* NextButton.swift in Sources */ = {isa = PBXBuildFile; fileRef = DBCBE3B82BCD892500B6DAC5 /* NextButton.swift */; };
		DBCBE3D02BCE28E800B6DAC5 /* EmailLoginCoordinator.swift in Sources */ = {isa = PBXBuildFile; fileRef = DBCBE3CF2BCE28E800B6DAC5 /* EmailLoginCoordinator.swift */; };
		DBCBE3D22BCE5EB500B6DAC5 /* SignUpNicknameWithPhoneViewController.swift in Sources */ = {isa = PBXBuildFile; fileRef = DBCBE3D12BCE5EB500B6DAC5 /* SignUpNicknameWithPhoneViewController.swift */; };
		DBCBE3D42BCE6DB700B6DAC5 /* SignUpNicknameWithPhoneViewModel.swift in Sources */ = {isa = PBXBuildFile; fileRef = DBCBE3D32BCE6DB700B6DAC5 /* SignUpNicknameWithPhoneViewModel.swift */; };
		DBCBE3D62BCE8A0700B6DAC5 /* JoinResponse.swift in Sources */ = {isa = PBXBuildFile; fileRef = DBCBE3D52BCE8A0700B6DAC5 /* JoinResponse.swift */; };
/* End PBXBuildFile section */

/* Begin PBXFileReference section */
		6E065FA89B28CFAB4A4CCE5E /* Pods-YeogiApa.debug.xcconfig */ = {isa = PBXFileReference; includeInIndex = 1; lastKnownFileType = text.xcconfig; name = "Pods-YeogiApa.debug.xcconfig"; path = "Target Support Files/Pods-YeogiApa/Pods-YeogiApa.debug.xcconfig"; sourceTree = "<group>"; };
		CE70E4E40DA521BFE3917A88 /* Pods-YeogiApa.release.xcconfig */ = {isa = PBXFileReference; includeInIndex = 1; lastKnownFileType = text.xcconfig; name = "Pods-YeogiApa.release.xcconfig"; path = "Target Support Files/Pods-YeogiApa/Pods-YeogiApa.release.xcconfig"; sourceTree = "<group>"; };
		DB204D932BD29E5D006340BE /* UITabBarController+Extension.swift */ = {isa = PBXFileReference; lastKnownFileType = sourcecode.swift; path = "UITabBarController+Extension.swift"; sourceTree = "<group>"; };
		DB204D952BD29F0A006340BE /* MainTabBarController.swift */ = {isa = PBXFileReference; lastKnownFileType = sourcecode.swift; path = MainTabBarController.swift; sourceTree = "<group>"; };
		DB204D972BD2A669006340BE /* QuestionCoordinator.swift */ = {isa = PBXFileReference; lastKnownFileType = sourcecode.swift; path = QuestionCoordinator.swift; sourceTree = "<group>"; };
		DB204D992BD2A6C7006340BE /* QuestionViewController.swift */ = {isa = PBXFileReference; lastKnownFileType = sourcecode.swift; path = QuestionViewController.swift; sourceTree = "<group>"; };
		DB204D9B2BD2A8C9006340BE /* BoardMainViewModel.swift */ = {isa = PBXFileReference; lastKnownFileType = sourcecode.swift; path = BoardMainViewModel.swift; sourceTree = "<group>"; };
		DB204D9D2BD2DDBB006340BE /* QuestionView.swift */ = {isa = PBXFileReference; lastKnownFileType = sourcecode.swift; path = QuestionView.swift; sourceTree = "<group>"; };
		DB204D9F2BD2E58D006340BE /* DelimiterLine.swift */ = {isa = PBXFileReference; lastKnownFileType = sourcecode.swift; path = DelimiterLine.swift; sourceTree = "<group>"; };
		DB204DA12BD2E926006340BE /* UITextView+Extension.swift */ = {isa = PBXFileReference; lastKnownFileType = sourcecode.swift; path = "UITextView+Extension.swift"; sourceTree = "<group>"; };
		DB204DA32BD422A7006340BE /* QuestionViewModel.swift */ = {isa = PBXFileReference; lastKnownFileType = sourcecode.swift; path = QuestionViewModel.swift; sourceTree = "<group>"; };
		DB204DE52BD56158006340BE /* UIImage+Extension.swift */ = {isa = PBXFileReference; lastKnownFileType = sourcecode.swift; path = "UIImage+Extension.swift"; sourceTree = "<group>"; };
		DB204DE72BD57525006340BE /* CategorySelectView.swift */ = {isa = PBXFileReference; lastKnownFileType = sourcecode.swift; path = CategorySelectView.swift; sourceTree = "<group>"; };
		DB204DEC2BD575AD006340BE /* Category.swift */ = {isa = PBXFileReference; lastKnownFileType = sourcecode.swift; path = Category.swift; sourceTree = "<group>"; };
		DB204DEE2BD57774006340BE /* CategorySelectViewController.swift */ = {isa = PBXFileReference; lastKnownFileType = sourcecode.swift; path = CategorySelectViewController.swift; sourceTree = "<group>"; };
		DB410FF42BD0CFA10088679F /* MainViewController.swift */ = {isa = PBXFileReference; lastKnownFileType = sourcecode.swift; path = MainViewController.swift; sourceTree = "<group>"; };
		DB410FF82BD0D00E0088679F /* MainTabbarCoordinator.swift */ = {isa = PBXFileReference; lastKnownFileType = sourcecode.swift; path = MainTabbarCoordinator.swift; sourceTree = "<group>"; };
		DB4110042BD15B300088679F /* BoardCoordinator.swift */ = {isa = PBXFileReference; lastKnownFileType = sourcecode.swift; path = BoardCoordinator.swift; sourceTree = "<group>"; };
		DB4110062BD15B3B0088679F /* SettingCoordinator.swift */ = {isa = PBXFileReference; lastKnownFileType = sourcecode.swift; path = SettingCoordinator.swift; sourceTree = "<group>"; };
		DB4110082BD160B00088679F /* BoardMainViewController.swift */ = {isa = PBXFileReference; lastKnownFileType = sourcecode.swift; path = BoardMainViewController.swift; sourceTree = "<group>"; };
		DB41100A2BD160F80088679F /* BoardMainView.swift */ = {isa = PBXFileReference; lastKnownFileType = sourcecode.swift; path = BoardMainView.swift; sourceTree = "<group>"; };
		DB41100F2BD173860088679F /* MainRouter.swift */ = {isa = PBXFileReference; lastKnownFileType = sourcecode.swift; path = MainRouter.swift; sourceTree = "<group>"; };
		DB4110112BD173D60088679F /* WriteRequest.swift */ = {isa = PBXFileReference; lastKnownFileType = sourcecode.swift; path = WriteRequest.swift; sourceTree = "<group>"; };
		DB4110132BD19E0A0088679F /* WriteResponse.swift */ = {isa = PBXFileReference; lastKnownFileType = sourcecode.swift; path = WriteResponse.swift; sourceTree = "<group>"; };
		DB4110152BD1AC720088679F /* Notification.Name+Extension.swift */ = {isa = PBXFileReference; lastKnownFileType = sourcecode.swift; path = "Notification.Name+Extension.swift"; sourceTree = "<group>"; };
		DB901C5E2BD5835F003EEDC6 /* LinkViewController.swift */ = {isa = PBXFileReference; lastKnownFileType = sourcecode.swift; path = LinkViewController.swift; sourceTree = "<group>"; };
		DB901C602BD58C7C003EEDC6 /* CompleteButton.swift */ = {isa = PBXFileReference; lastKnownFileType = sourcecode.swift; path = CompleteButton.swift; sourceTree = "<group>"; };
		DB901C6F2BD694DC003EEDC6 /* FilesRequest.swift */ = {isa = PBXFileReference; lastKnownFileType = sourcecode.swift; path = FilesRequest.swift; sourceTree = "<group>"; };
		DB901C732BD69531003EEDC6 /* FilesResponse.swift */ = {isa = PBXFileReference; lastKnownFileType = sourcecode.swift; path = FilesResponse.swift; sourceTree = "<group>"; };
		DB901C752BD6D9A7003EEDC6 /* ImageResize.swift */ = {isa = PBXFileReference; lastKnownFileType = sourcecode.swift; path = ImageResize.swift; sourceTree = "<group>"; };
		DBB7C6612BD7B77800D3081A /* InquiryRequest.swift */ = {isa = PBXFileReference; lastKnownFileType = sourcecode.swift; path = InquiryRequest.swift; sourceTree = "<group>"; };
		DBB7C6632BD7B89F00D3081A /* QueryString.swift */ = {isa = PBXFileReference; lastKnownFileType = sourcecode.swift; path = QueryString.swift; sourceTree = "<group>"; };
		DBB7C6652BD7B9C200D3081A /* InquiryResponse.swift */ = {isa = PBXFileReference; lastKnownFileType = sourcecode.swift; path = InquiryResponse.swift; sourceTree = "<group>"; };
		DBCBA9DC2BC7BE34006B40CA /* YeogiApa.app */ = {isa = PBXFileReference; explicitFileType = wrapper.application; includeInIndex = 0; path = YeogiApa.app; sourceTree = BUILT_PRODUCTS_DIR; };
		DBCBA9DF2BC7BE34006B40CA /* AppDelegate.swift */ = {isa = PBXFileReference; lastKnownFileType = sourcecode.swift; path = AppDelegate.swift; sourceTree = "<group>"; };
		DBCBA9E12BC7BE34006B40CA /* SceneDelegate.swift */ = {isa = PBXFileReference; lastKnownFileType = sourcecode.swift; path = SceneDelegate.swift; sourceTree = "<group>"; };
		DBCBA9E82BC7BE35006B40CA /* Assets.xcassets */ = {isa = PBXFileReference; lastKnownFileType = folder.assetcatalog; path = Assets.xcassets; sourceTree = "<group>"; };
		DBCBA9EB2BC7BE35006B40CA /* Base */ = {isa = PBXFileReference; lastKnownFileType = file.storyboard; name = Base; path = Base.lproj/LaunchScreen.storyboard; sourceTree = "<group>"; };
		DBCBA9ED2BC7BE35006B40CA /* Info.plist */ = {isa = PBXFileReference; lastKnownFileType = text.plist.xml; path = Info.plist; sourceTree = "<group>"; };
		DBCBA9F32BC7BE5C006B40CA /* .gitignore */ = {isa = PBXFileReference; fileEncoding = 4; lastKnownFileType = text; path = .gitignore; sourceTree = "<group>"; };
		DBCBAA002BC7CCFE006B40CA /* APIKey.swift */ = {isa = PBXFileReference; fileEncoding = 4; lastKnownFileType = sourcecode.swift; path = APIKey.swift; sourceTree = "<group>"; };
		DBCBAA022BC7CD32006B40CA /* BaseViewController.swift */ = {isa = PBXFileReference; fileEncoding = 4; lastKnownFileType = sourcecode.swift; path = BaseViewController.swift; sourceTree = "<group>"; };
		DBCBAA032BC7CD32006B40CA /* BaseView.swift */ = {isa = PBXFileReference; fileEncoding = 4; lastKnownFileType = sourcecode.swift; path = BaseView.swift; sourceTree = "<group>"; };
		DBCBAA062BC7CE79006B40CA /* DesignSystem.swift */ = {isa = PBXFileReference; fileEncoding = 4; lastKnownFileType = sourcecode.swift; path = DesignSystem.swift; sourceTree = "<group>"; };
		DBCBAA082BC7CEE8006B40CA /* UserRouter.swift */ = {isa = PBXFileReference; fileEncoding = 4; lastKnownFileType = sourcecode.swift; path = UserRouter.swift; sourceTree = "<group>"; };
		DBCBAA0A2BC7D0A5006B40CA /* LoginRequest.swift */ = {isa = PBXFileReference; fileEncoding = 4; lastKnownFileType = sourcecode.swift; path = LoginRequest.swift; sourceTree = "<group>"; };
		DBCBAA0C2BC7D0B9006B40CA /* HTTPHeader.swift */ = {isa = PBXFileReference; fileEncoding = 4; lastKnownFileType = sourcecode.swift; path = HTTPHeader.swift; sourceTree = "<group>"; };
		DBCBAA0E2BC7D0E1006B40CA /* NetworkManager.swift */ = {isa = PBXFileReference; fileEncoding = 4; lastKnownFileType = sourcecode.swift; path = NetworkManager.swift; sourceTree = "<group>"; };
		DBCBAA102BC7D0F0006B40CA /* TargetType.swift */ = {isa = PBXFileReference; fileEncoding = 4; lastKnownFileType = sourcecode.swift; path = TargetType.swift; sourceTree = "<group>"; };
		DBCBAA122BC7D900006B40CA /* LoginResponse.swift */ = {isa = PBXFileReference; lastKnownFileType = sourcecode.swift; path = LoginResponse.swift; sourceTree = "<group>"; };
		DBCBAA142BC7DC8C006B40CA /* JoinRequest.swift */ = {isa = PBXFileReference; lastKnownFileType = sourcecode.swift; path = JoinRequest.swift; sourceTree = "<group>"; };
		DBCBAA162BC7E02D006B40CA /* EmailLoginViewController.swift */ = {isa = PBXFileReference; lastKnownFileType = sourcecode.swift; path = EmailLoginViewController.swift; sourceTree = "<group>"; };
		DBCBAA182BC7E106006B40CA /* EmailLoginView.swift */ = {isa = PBXFileReference; lastKnownFileType = sourcecode.swift; path = EmailLoginView.swift; sourceTree = "<group>"; };
		DBCBAA1D2BC7E7F2006B40CA /* ReusableID.swift */ = {isa = PBXFileReference; fileEncoding = 4; lastKnownFileType = sourcecode.swift; path = ReusableID.swift; sourceTree = "<group>"; };
		DBCBAA1E2BC7E7F2006B40CA /* ViewModelType.swift */ = {isa = PBXFileReference; fileEncoding = 4; lastKnownFileType = sourcecode.swift; path = ViewModelType.swift; sourceTree = "<group>"; };
		DBCBAA212BC7E804006B40CA /* UIViewController+Extension.swift */ = {isa = PBXFileReference; fileEncoding = 4; lastKnownFileType = sourcecode.swift; path = "UIViewController+Extension.swift"; sourceTree = "<group>"; };
		DBCBAA232BC7E82A006B40CA /* EmailLoginViewModel.swift */ = {isa = PBXFileReference; lastKnownFileType = sourcecode.swift; path = EmailLoginViewModel.swift; sourceTree = "<group>"; };
		DBCBAA262BC82D5A006B40CA /* UserDefaultManager.swift */ = {isa = PBXFileReference; lastKnownFileType = sourcecode.swift; path = UserDefaultManager.swift; sourceTree = "<group>"; };
		DBCBAA282BC839EB006B40CA /* RefreshResponse.swift */ = {isa = PBXFileReference; lastKnownFileType = sourcecode.swift; path = RefreshResponse.swift; sourceTree = "<group>"; };
		DBCBAA2A2BC83A54006B40CA /* RefreshRequest.swift */ = {isa = PBXFileReference; lastKnownFileType = sourcecode.swift; path = RefreshRequest.swift; sourceTree = "<group>"; };
		DBCBAA2C2BC84842006B40CA /* ProfileResponse.swift */ = {isa = PBXFileReference; lastKnownFileType = sourcecode.swift; path = ProfileResponse.swift; sourceTree = "<group>"; };
		DBCBAA2E2BC86224006B40CA /* AuthManager.swift */ = {isa = PBXFileReference; lastKnownFileType = sourcecode.swift; path = AuthManager.swift; sourceTree = "<group>"; };
		DBCBAA4F2BCCFA0B006B40CA /* Protocol.swift */ = {isa = PBXFileReference; lastKnownFileType = sourcecode.swift; path = Protocol.swift; sourceTree = "<group>"; };
		DBCBAA512BCCFA71006B40CA /* AppCoordinator.swift */ = {isa = PBXFileReference; lastKnownFileType = sourcecode.swift; path = AppCoordinator.swift; sourceTree = "<group>"; };
		DBCBAA532BCD006E006B40CA /* UserCoordinator.swift */ = {isa = PBXFileReference; lastKnownFileType = sourcecode.swift; path = UserCoordinator.swift; sourceTree = "<group>"; };
		DBCBAA552BCD0705006B40CA /* SignInUpViewController.swift */ = {isa = PBXFileReference; lastKnownFileType = sourcecode.swift; path = SignInUpViewController.swift; sourceTree = "<group>"; };
		DBCBAA572BCD0ACC006B40CA /* SignInUpView.swift */ = {isa = PBXFileReference; lastKnownFileType = sourcecode.swift; path = SignInUpView.swift; sourceTree = "<group>"; };
		DBCBAA592BCD5D05006B40CA /* SignUpEmailViewController.swift */ = {isa = PBXFileReference; lastKnownFileType = sourcecode.swift; path = SignUpEmailViewController.swift; sourceTree = "<group>"; };
		DBCBAA5E2BCD61E5006B40CA /* SignTextField.swift */ = {isa = PBXFileReference; lastKnownFileType = sourcecode.swift; path = SignTextField.swift; sourceTree = "<group>"; };
		DBCBAA602BCD6A07006B40CA /* SignUpEmailViewModel.swift */ = {isa = PBXFileReference; lastKnownFileType = sourcecode.swift; path = SignUpEmailViewModel.swift; sourceTree = "<group>"; };
		DBCBAA622BCD73D9006B40CA /* EmailValidationRequest.swift */ = {isa = PBXFileReference; lastKnownFileType = sourcecode.swift; path = EmailValidationRequest.swift; sourceTree = "<group>"; };
		DBCBE3B42BCD845F00B6DAC5 /* SignUpPasswordViewController.swift */ = {isa = PBXFileReference; lastKnownFileType = sourcecode.swift; path = SignUpPasswordViewController.swift; sourceTree = "<group>"; };
		DBCBE3B62BCD87B700B6DAC5 /* SignUpPasswordViewModel.swift */ = {isa = PBXFileReference; lastKnownFileType = sourcecode.swift; path = SignUpPasswordViewModel.swift; sourceTree = "<group>"; };
		DBCBE3B82BCD892500B6DAC5 /* NextButton.swift */ = {isa = PBXFileReference; lastKnownFileType = sourcecode.swift; path = NextButton.swift; sourceTree = "<group>"; };
		DBCBE3CF2BCE28E800B6DAC5 /* EmailLoginCoordinator.swift */ = {isa = PBXFileReference; lastKnownFileType = sourcecode.swift; path = EmailLoginCoordinator.swift; sourceTree = "<group>"; };
		DBCBE3D12BCE5EB500B6DAC5 /* SignUpNicknameWithPhoneViewController.swift */ = {isa = PBXFileReference; lastKnownFileType = sourcecode.swift; path = SignUpNicknameWithPhoneViewController.swift; sourceTree = "<group>"; };
		DBCBE3D32BCE6DB700B6DAC5 /* SignUpNicknameWithPhoneViewModel.swift */ = {isa = PBXFileReference; lastKnownFileType = sourcecode.swift; path = SignUpNicknameWithPhoneViewModel.swift; sourceTree = "<group>"; };
		DBCBE3D52BCE8A0700B6DAC5 /* JoinResponse.swift */ = {isa = PBXFileReference; lastKnownFileType = sourcecode.swift; path = JoinResponse.swift; sourceTree = "<group>"; };
		DBEC6A0F713D23C5F15574E0 /* Pods_YeogiApa.framework */ = {isa = PBXFileReference; explicitFileType = wrapper.framework; includeInIndex = 0; path = Pods_YeogiApa.framework; sourceTree = BUILT_PRODUCTS_DIR; };
/* End PBXFileReference section */

/* Begin PBXFrameworksBuildPhase section */
		DBCBA9D92BC7BE34006B40CA /* Frameworks */ = {
			isa = PBXFrameworksBuildPhase;
			buildActionMask = 2147483647;
			files = (
				217C9232DB0C64915C533AF0 /* Pods_YeogiApa.framework in Frameworks */,
			);
			runOnlyForDeploymentPostprocessing = 0;
		};
/* End PBXFrameworksBuildPhase section */

/* Begin PBXGroup section */
		773B94913F333C63024B119D /* Frameworks */ = {
			isa = PBXGroup;
			children = (
				DBEC6A0F713D23C5F15574E0 /* Pods_YeogiApa.framework */,
			);
			name = Frameworks;
			sourceTree = "<group>";
		};
		DB204DEB2BD5759F006340BE /* Enum */ = {
			isa = PBXGroup;
			children = (
				DB204DEC2BD575AD006340BE /* Category.swift */,
				DB901C752BD6D9A7003EEDC6 /* ImageResize.swift */,
			);
			path = Enum;
			sourceTree = "<group>";
		};
		DB410FF32BD0CF830088679F /* Main */ = {
			isa = PBXGroup;
			children = (
				DB41100E2BD165670088679F /* Coordinator */,
				DB410FF62BD0CFF20088679F /* View */,
				DB410FF72BD0CFF60088679F /* ViewModel */,
			);
			path = Main;
			sourceTree = "<group>";
		};
		DB410FF62BD0CFF20088679F /* View */ = {
			isa = PBXGroup;
			children = (
				DB204D952BD29F0A006340BE /* MainTabBarController.swift */,
				DB410FF42BD0CFA10088679F /* MainViewController.swift */,
				DB41100A2BD160F80088679F /* BoardMainView.swift */,
				DB4110082BD160B00088679F /* BoardMainViewController.swift */,
				DB204D9D2BD2DDBB006340BE /* QuestionView.swift */,
				DB204D992BD2A6C7006340BE /* QuestionViewController.swift */,
				DB901C5D2BD58312003EEDC6 /* QuestionSubView */,
			);
			path = View;
			sourceTree = "<group>";
		};
		DB410FF72BD0CFF60088679F /* ViewModel */ = {
			isa = PBXGroup;
			children = (
				DB204D9B2BD2A8C9006340BE /* BoardMainViewModel.swift */,
				DB204DA32BD422A7006340BE /* QuestionViewModel.swift */,
			);
			path = ViewModel;
			sourceTree = "<group>";
		};
		DB41100C2BD165460088679F /* Coordinator */ = {
			isa = PBXGroup;
			children = (
				DBCBAA532BCD006E006B40CA /* UserCoordinator.swift */,
				DBCBE3CF2BCE28E800B6DAC5 /* EmailLoginCoordinator.swift */,
			);
			path = Coordinator;
			sourceTree = "<group>";
		};
		DB41100E2BD165670088679F /* Coordinator */ = {
			isa = PBXGroup;
			children = (
				DB410FF82BD0D00E0088679F /* MainTabbarCoordinator.swift */,
				DB4110042BD15B300088679F /* BoardCoordinator.swift */,
				DB204D972BD2A669006340BE /* QuestionCoordinator.swift */,
				DB4110062BD15B3B0088679F /* SettingCoordinator.swift */,
			);
			path = Coordinator;
			sourceTree = "<group>";
		};
		DB901C5D2BD58312003EEDC6 /* QuestionSubView */ = {
			isa = PBXGroup;
			children = (
				DB204DE72BD57525006340BE /* CategorySelectView.swift */,
				DB204DEE2BD57774006340BE /* CategorySelectViewController.swift */,
				DB901C5E2BD5835F003EEDC6 /* LinkViewController.swift */,
			);
			path = QuestionSubView;
			sourceTree = "<group>";
		};
		DB901C712BD694E4003EEDC6 /* Request */ = {
			isa = PBXGroup;
			children = (
				DBCBAA142BC7DC8C006B40CA /* JoinRequest.swift */,
				DBCBAA0A2BC7D0A5006B40CA /* LoginRequest.swift */,
				DBCBAA2A2BC83A54006B40CA /* RefreshRequest.swift */,
				DBCBAA622BCD73D9006B40CA /* EmailValidationRequest.swift */,
				DB4110112BD173D60088679F /* WriteRequest.swift */,
				DB901C6F2BD694DC003EEDC6 /* FilesRequest.swift */,
				DBB7C6612BD7B77800D3081A /* InquiryRequest.swift */,
			);
			path = Request;
			sourceTree = "<group>";
		};
		DB901C722BD694E9003EEDC6 /* Response */ = {
			isa = PBXGroup;
			children = (
				DBCBE3D52BCE8A0700B6DAC5 /* JoinResponse.swift */,
				DBCBAA122BC7D900006B40CA /* LoginResponse.swift */,
				DBCBAA282BC839EB006B40CA /* RefreshResponse.swift */,
				DBCBAA2C2BC84842006B40CA /* ProfileResponse.swift */,
				DB4110132BD19E0A0088679F /* WriteResponse.swift */,
				DB901C732BD69531003EEDC6 /* FilesResponse.swift */,
				DBB7C6652BD7B9C200D3081A /* InquiryResponse.swift */,
			);
			path = Response;
			sourceTree = "<group>";
		};
		DBB7C6602BD7B70600D3081A /* BindingModel */ = {
			isa = PBXGroup;
			children = (
			);
			path = BindingModel;
			sourceTree = "<group>";
		};
		DBCBA9D32BC7BE34006B40CA = {
			isa = PBXGroup;
			children = (
				DBCBA9F32BC7BE5C006B40CA /* .gitignore */,
				DBCBA9DE2BC7BE34006B40CA /* YeogiApa */,
				DBCBA9DD2BC7BE34006B40CA /* Products */,
				FE20E17095C8CCE921DF3EF4 /* Pods */,
				773B94913F333C63024B119D /* Frameworks */,
			);
			sourceTree = "<group>";
		};
		DBCBA9DD2BC7BE34006B40CA /* Products */ = {
			isa = PBXGroup;
			children = (
				DBCBA9DC2BC7BE34006B40CA /* YeogiApa.app */,
			);
			name = Products;
			sourceTree = "<group>";
		};
		DBCBA9DE2BC7BE34006B40CA /* YeogiApa */ = {
			isa = PBXGroup;
			children = (
				DBCBA9F62BC7C64D006B40CA /* Presentation */,
				DBCBA9FB2BC7CB31006B40CA /* Data */,
				DBCBA9FC2BC7CB68006B40CA /* Application */,
			);
			path = YeogiApa;
			sourceTree = "<group>";
		};
		DBCBA9F52BC7C446006B40CA /* Network */ = {
			isa = PBXGroup;
			children = (
				DBCBAA002BC7CCFE006B40CA /* APIKey.swift */,
				DBCBAA102BC7D0F0006B40CA /* TargetType.swift */,
				DBCBAA0C2BC7D0B9006B40CA /* HTTPHeader.swift */,
				DBCBAA0E2BC7D0E1006B40CA /* NetworkManager.swift */,
				DBCBAA2E2BC86224006B40CA /* AuthManager.swift */,
				DBCBA9FF2BC7CCE2006B40CA /* Router */,
				DBCBA9FE2BC7CCD8006B40CA /* QueryModel */,
				DBB7C6632BD7B89F00D3081A /* QueryString.swift */,
			);
			path = Network;
			sourceTree = "<group>";
		};
		DBCBA9F62BC7C64D006B40CA /* Presentation */ = {
			isa = PBXGroup;
			children = (
				DBCBAA4E2BCCF9E9006B40CA /* Coordinator */,
				DBCBA9FD2BC7CBA6006B40CA /* Utility */,
				DBCBA9FA2BC7C69B006B40CA /* Base */,
				DBCBA9F72BC7C677006B40CA /* User */,
				DB410FF32BD0CF830088679F /* Main */,
				DBCBAA5D2BCD61C6006B40CA /* CustomView */,
			);
			path = Presentation;
			sourceTree = "<group>";
		};
		DBCBA9F72BC7C677006B40CA /* User */ = {
			isa = PBXGroup;
			children = (
				DB41100C2BD165460088679F /* Coordinator */,
				DBCBA9F82BC7C686006B40CA /* View */,
				DBCBA9F92BC7C68A006B40CA /* ViewModel */,
			);
			path = User;
			sourceTree = "<group>";
		};
		DBCBA9F82BC7C686006B40CA /* View */ = {
			isa = PBXGroup;
			children = (
				DBCBAA572BCD0ACC006B40CA /* SignInUpView.swift */,
				DBCBAA552BCD0705006B40CA /* SignInUpViewController.swift */,
				DBCBAA182BC7E106006B40CA /* EmailLoginView.swift */,
				DBCBAA162BC7E02D006B40CA /* EmailLoginViewController.swift */,
				DBCBAA592BCD5D05006B40CA /* SignUpEmailViewController.swift */,
				DBCBE3B42BCD845F00B6DAC5 /* SignUpPasswordViewController.swift */,
				DBCBE3D12BCE5EB500B6DAC5 /* SignUpNicknameWithPhoneViewController.swift */,
			);
			path = View;
			sourceTree = "<group>";
		};
		DBCBA9F92BC7C68A006B40CA /* ViewModel */ = {
			isa = PBXGroup;
			children = (
				DBCBAA232BC7E82A006B40CA /* EmailLoginViewModel.swift */,
				DBCBAA602BCD6A07006B40CA /* SignUpEmailViewModel.swift */,
				DBCBE3B62BCD87B700B6DAC5 /* SignUpPasswordViewModel.swift */,
				DBCBE3D32BCE6DB700B6DAC5 /* SignUpNicknameWithPhoneViewModel.swift */,
			);
			path = ViewModel;
			sourceTree = "<group>";
		};
		DBCBA9FA2BC7C69B006B40CA /* Base */ = {
			isa = PBXGroup;
			children = (
				DBCBAA032BC7CD32006B40CA /* BaseView.swift */,
				DBCBAA022BC7CD32006B40CA /* BaseViewController.swift */,
			);
			path = Base;
			sourceTree = "<group>";
		};
		DBCBA9FB2BC7CB31006B40CA /* Data */ = {
			isa = PBXGroup;
			children = (
				DBCBAA252BC82D4A006B40CA /* UserDefault */,
				DBCBA9F52BC7C446006B40CA /* Network */,
				DBB7C6602BD7B70600D3081A /* BindingModel */,
			);
			path = Data;
			sourceTree = "<group>";
		};
		DBCBA9FC2BC7CB68006B40CA /* Application */ = {
			isa = PBXGroup;
			children = (
				DBCBA9ED2BC7BE35006B40CA /* Info.plist */,
				DBCBA9DF2BC7BE34006B40CA /* AppDelegate.swift */,
				DBCBA9E12BC7BE34006B40CA /* SceneDelegate.swift */,
				DBCBA9EA2BC7BE35006B40CA /* LaunchScreen.storyboard */,
			);
			path = Application;
			sourceTree = "<group>";
		};
		DBCBA9FD2BC7CBA6006B40CA /* Utility */ = {
			isa = PBXGroup;
			children = (
				DBCBAA1C2BC7E7D9006B40CA /* Extension */,
				DB204DEB2BD5759F006340BE /* Enum */,
				DBCBAA1B2BC7E7D3006B40CA /* Protocol */,
				DBCBAA1A2BC7E7BE006B40CA /* Design */,
			);
			path = Utility;
			sourceTree = "<group>";
		};
		DBCBA9FE2BC7CCD8006B40CA /* QueryModel */ = {
			isa = PBXGroup;
			children = (
				DB901C712BD694E4003EEDC6 /* Request */,
				DB901C722BD694E9003EEDC6 /* Response */,
			);
			path = QueryModel;
			sourceTree = "<group>";
		};
		DBCBA9FF2BC7CCE2006B40CA /* Router */ = {
			isa = PBXGroup;
			children = (
				DBCBAA082BC7CEE8006B40CA /* UserRouter.swift */,
				DB41100F2BD173860088679F /* MainRouter.swift */,
			);
			path = Router;
			sourceTree = "<group>";
		};
		DBCBAA1A2BC7E7BE006B40CA /* Design */ = {
			isa = PBXGroup;
			children = (
				DBCBAA062BC7CE79006B40CA /* DesignSystem.swift */,
				DBCBA9E82BC7BE35006B40CA /* Assets.xcassets */,
			);
			path = Design;
			sourceTree = "<group>";
		};
		DBCBAA1B2BC7E7D3006B40CA /* Protocol */ = {
			isa = PBXGroup;
			children = (
				DBCBAA1D2BC7E7F2006B40CA /* ReusableID.swift */,
				DBCBAA1E2BC7E7F2006B40CA /* ViewModelType.swift */,
			);
			path = Protocol;
			sourceTree = "<group>";
		};
		DBCBAA1C2BC7E7D9006B40CA /* Extension */ = {
			isa = PBXGroup;
			children = (
				DBCBAA212BC7E804006B40CA /* UIViewController+Extension.swift */,
				DB4110152BD1AC720088679F /* Notification.Name+Extension.swift */,
				DB204D932BD29E5D006340BE /* UITabBarController+Extension.swift */,
				DB204DA12BD2E926006340BE /* UITextView+Extension.swift */,
				DB204DE52BD56158006340BE /* UIImage+Extension.swift */,
			);
			path = Extension;
			sourceTree = "<group>";
		};
		DBCBAA252BC82D4A006B40CA /* UserDefault */ = {
			isa = PBXGroup;
			children = (
				DBCBAA262BC82D5A006B40CA /* UserDefaultManager.swift */,
			);
			path = UserDefault;
			sourceTree = "<group>";
		};
		DBCBAA4E2BCCF9E9006B40CA /* Coordinator */ = {
			isa = PBXGroup;
			children = (
				DBCBAA4F2BCCFA0B006B40CA /* Protocol.swift */,
				DBCBAA512BCCFA71006B40CA /* AppCoordinator.swift */,
			);
			path = Coordinator;
			sourceTree = "<group>";
		};
		DBCBAA5D2BCD61C6006B40CA /* CustomView */ = {
			isa = PBXGroup;
			children = (
				DBCBAA5E2BCD61E5006B40CA /* SignTextField.swift */,
				DBCBE3B82BCD892500B6DAC5 /* NextButton.swift */,
				DB204D9F2BD2E58D006340BE /* DelimiterLine.swift */,
				DB901C602BD58C7C003EEDC6 /* CompleteButton.swift */,
			);
			path = CustomView;
			sourceTree = "<group>";
		};
		FE20E17095C8CCE921DF3EF4 /* Pods */ = {
			isa = PBXGroup;
			children = (
				6E065FA89B28CFAB4A4CCE5E /* Pods-YeogiApa.debug.xcconfig */,
				CE70E4E40DA521BFE3917A88 /* Pods-YeogiApa.release.xcconfig */,
			);
			path = Pods;
			sourceTree = "<group>";
		};
/* End PBXGroup section */

/* Begin PBXNativeTarget section */
		DBCBA9DB2BC7BE34006B40CA /* YeogiApa */ = {
			isa = PBXNativeTarget;
			buildConfigurationList = DBCBA9F02BC7BE35006B40CA /* Build configuration list for PBXNativeTarget "YeogiApa" */;
			buildPhases = (
				B224A294375BDEC81B18F515 /* [CP] Check Pods Manifest.lock */,
				DBCBA9D82BC7BE34006B40CA /* Sources */,
				DBCBA9D92BC7BE34006B40CA /* Frameworks */,
				DBCBA9DA2BC7BE34006B40CA /* Resources */,
				0EA885B6548AE7898929DF91 /* [CP] Embed Pods Frameworks */,
			);
			buildRules = (
			);
			dependencies = (
			);
			name = YeogiApa;
			productName = YeogiApa;
			productReference = DBCBA9DC2BC7BE34006B40CA /* YeogiApa.app */;
			productType = "com.apple.product-type.application";
		};
/* End PBXNativeTarget section */

/* Begin PBXProject section */
		DBCBA9D42BC7BE34006B40CA /* Project object */ = {
			isa = PBXProject;
			attributes = {
				BuildIndependentTargetsInParallel = 1;
				LastSwiftUpdateCheck = 1530;
				LastUpgradeCheck = 1530;
				TargetAttributes = {
					DBCBA9DB2BC7BE34006B40CA = {
						CreatedOnToolsVersion = 15.3;
					};
				};
			};
			buildConfigurationList = DBCBA9D72BC7BE34006B40CA /* Build configuration list for PBXProject "YeogiApa" */;
			compatibilityVersion = "Xcode 14.0";
			developmentRegion = en;
			hasScannedForEncodings = 0;
			knownRegions = (
				en,
				Base,
			);
			mainGroup = DBCBA9D32BC7BE34006B40CA;
			productRefGroup = DBCBA9DD2BC7BE34006B40CA /* Products */;
			projectDirPath = "";
			projectRoot = "";
			targets = (
				DBCBA9DB2BC7BE34006B40CA /* YeogiApa */,
			);
		};
/* End PBXProject section */

/* Begin PBXResourcesBuildPhase section */
		DBCBA9DA2BC7BE34006B40CA /* Resources */ = {
			isa = PBXResourcesBuildPhase;
			buildActionMask = 2147483647;
			files = (
				DBCBA9F42BC7BE5C006B40CA /* .gitignore in Resources */,
				DBCBA9E92BC7BE35006B40CA /* Assets.xcassets in Resources */,
				DBCBA9EC2BC7BE35006B40CA /* Base in Resources */,
			);
			runOnlyForDeploymentPostprocessing = 0;
		};
/* End PBXResourcesBuildPhase section */

/* Begin PBXShellScriptBuildPhase section */
		0EA885B6548AE7898929DF91 /* [CP] Embed Pods Frameworks */ = {
			isa = PBXShellScriptBuildPhase;
			buildActionMask = 2147483647;
			files = (
			);
			inputFileListPaths = (
				"${PODS_ROOT}/Target Support Files/Pods-YeogiApa/Pods-YeogiApa-frameworks-${CONFIGURATION}-input-files.xcfilelist",
			);
			name = "[CP] Embed Pods Frameworks";
			outputFileListPaths = (
				"${PODS_ROOT}/Target Support Files/Pods-YeogiApa/Pods-YeogiApa-frameworks-${CONFIGURATION}-output-files.xcfilelist",
			);
			runOnlyForDeploymentPostprocessing = 0;
			shellPath = /bin/sh;
			shellScript = "\"${PODS_ROOT}/Target Support Files/Pods-YeogiApa/Pods-YeogiApa-frameworks.sh\"\n";
			showEnvVarsInLog = 0;
		};
		B224A294375BDEC81B18F515 /* [CP] Check Pods Manifest.lock */ = {
			isa = PBXShellScriptBuildPhase;
			buildActionMask = 2147483647;
			files = (
			);
			inputFileListPaths = (
			);
			inputPaths = (
				"${PODS_PODFILE_DIR_PATH}/Podfile.lock",
				"${PODS_ROOT}/Manifest.lock",
			);
			name = "[CP] Check Pods Manifest.lock";
			outputFileListPaths = (
			);
			outputPaths = (
				"$(DERIVED_FILE_DIR)/Pods-YeogiApa-checkManifestLockResult.txt",
			);
			runOnlyForDeploymentPostprocessing = 0;
			shellPath = /bin/sh;
			shellScript = "diff \"${PODS_PODFILE_DIR_PATH}/Podfile.lock\" \"${PODS_ROOT}/Manifest.lock\" > /dev/null\nif [ $? != 0 ] ; then\n    # print error to STDERR\n    echo \"error: The sandbox is not in sync with the Podfile.lock. Run 'pod install' or update your CocoaPods installation.\" >&2\n    exit 1\nfi\n# This output is used by Xcode 'outputs' to avoid re-running this script phase.\necho \"SUCCESS\" > \"${SCRIPT_OUTPUT_FILE_0}\"\n";
			showEnvVarsInLog = 0;
		};
/* End PBXShellScriptBuildPhase section */

/* Begin PBXSourcesBuildPhase section */
		DBCBA9D82BC7BE34006B40CA /* Sources */ = {
			isa = PBXSourcesBuildPhase;
			buildActionMask = 2147483647;
			files = (
				DB901C5F2BD5835F003EEDC6 /* LinkViewController.swift in Sources */,
				DB901C702BD694DC003EEDC6 /* FilesRequest.swift in Sources */,
				DB204DED2BD575AD006340BE /* Category.swift in Sources */,
				DB204DEF2BD57774006340BE /* CategorySelectViewController.swift in Sources */,
				DBCBAA632BCD73D9006B40CA /* EmailValidationRequest.swift in Sources */,
				DB410FF92BD0D00E0088679F /* MainTabbarCoordinator.swift in Sources */,
				DBCBE3D22BCE5EB500B6DAC5 /* SignUpNicknameWithPhoneViewController.swift in Sources */,
				DBCBAA172BC7E02D006B40CA /* EmailLoginViewController.swift in Sources */,
				DB901C742BD69531003EEDC6 /* FilesResponse.swift in Sources */,
				DBCBAA2F2BC86224006B40CA /* AuthManager.swift in Sources */,
				DB204D942BD29E5D006340BE /* UITabBarController+Extension.swift in Sources */,
				DB4110072BD15B3B0088679F /* SettingCoordinator.swift in Sources */,
				DBCBAA522BCCFA71006B40CA /* AppCoordinator.swift in Sources */,
				DBCBAA222BC7E804006B40CA /* UIViewController+Extension.swift in Sources */,
				DBCBAA0D2BC7D0B9006B40CA /* HTTPHeader.swift in Sources */,
				DBCBAA072BC7CE79006B40CA /* DesignSystem.swift in Sources */,
				DB204DA22BD2E926006340BE /* UITextView+Extension.swift in Sources */,
				DB4110052BD15B300088679F /* BoardCoordinator.swift in Sources */,
				DBCBAA542BCD006E006B40CA /* UserCoordinator.swift in Sources */,
				DBCBAA192BC7E106006B40CA /* EmailLoginView.swift in Sources */,
				DB204DE82BD57525006340BE /* CategorySelectView.swift in Sources */,
				DBCBAA0F2BC7D0E1006B40CA /* NetworkManager.swift in Sources */,
				DBCBA9E02BC7BE34006B40CA /* AppDelegate.swift in Sources */,
				DBCBE3B52BCD845F00B6DAC5 /* SignUpPasswordViewController.swift in Sources */,
				DBCBAA2B2BC83A54006B40CA /* RefreshRequest.swift in Sources */,
				DB4110122BD173D60088679F /* WriteRequest.swift in Sources */,
				DBCBAA0B2BC7D0A5006B40CA /* LoginRequest.swift in Sources */,
				DBCBE3B72BCD87B700B6DAC5 /* SignUpPasswordViewModel.swift in Sources */,
				DBB7C6662BD7B9C200D3081A /* InquiryResponse.swift in Sources */,
				DBCBAA042BC7CD32006B40CA /* BaseViewController.swift in Sources */,
				DBCBAA092BC7CEE8006B40CA /* UserRouter.swift in Sources */,
				DBCBAA152BC7DC8C006B40CA /* JoinRequest.swift in Sources */,
				DB204D9E2BD2DDBB006340BE /* QuestionView.swift in Sources */,
				DB4110102BD173860088679F /* MainRouter.swift in Sources */,
				DB204DE62BD56158006340BE /* UIImage+Extension.swift in Sources */,
				DBCBAA202BC7E7F2006B40CA /* ViewModelType.swift in Sources */,
				DB204D982BD2A669006340BE /* QuestionCoordinator.swift in Sources */,
				DBCBE3D62BCE8A0700B6DAC5 /* JoinResponse.swift in Sources */,
				DB204DA42BD422A7006340BE /* QuestionViewModel.swift in Sources */,
				DB4110142BD19E0A0088679F /* WriteResponse.swift in Sources */,
				DBCBAA502BCCFA0B006B40CA /* Protocol.swift in Sources */,
				DBCBAA052BC7CD32006B40CA /* BaseView.swift in Sources */,
				DB41100B2BD160F80088679F /* BoardMainView.swift in Sources */,
				DBCBAA292BC839EB006B40CA /* RefreshResponse.swift in Sources */,
				DBCBAA2D2BC84842006B40CA /* ProfileResponse.swift in Sources */,
				DBCBE3D02BCE28E800B6DAC5 /* EmailLoginCoordinator.swift in Sources */,
				DBCBAA5F2BCD61E5006B40CA /* SignTextField.swift in Sources */,
				DB204DA02BD2E58D006340BE /* DelimiterLine.swift in Sources */,
				DBCBAA1F2BC7E7F2006B40CA /* ReusableID.swift in Sources */,
				DBCBAA272BC82D5A006B40CA /* UserDefaultManager.swift in Sources */,
				DBCBAA582BCD0ACC006B40CA /* SignInUpView.swift in Sources */,
				DB901C612BD58C7C003EEDC6 /* CompleteButton.swift in Sources */,
				DBCBE3D42BCE6DB700B6DAC5 /* SignUpNicknameWithPhoneViewModel.swift in Sources */,
				DBB7C6622BD7B77800D3081A /* InquiryRequest.swift in Sources */,
				DBCBAA132BC7D900006B40CA /* LoginResponse.swift in Sources */,
				DBCBAA5A2BCD5D05006B40CA /* SignUpEmailViewController.swift in Sources */,
				DBCBAA562BCD0705006B40CA /* SignInUpViewController.swift in Sources */,
				DB410FF52BD0CFA10088679F /* MainViewController.swift in Sources */,
				DB204D9A2BD2A6C7006340BE /* QuestionViewController.swift in Sources */,
				DB4110162BD1AC720088679F /* Notification.Name+Extension.swift in Sources */,
				DBCBE3B92BCD892500B6DAC5 /* NextButton.swift in Sources */,
				DB204D9C2BD2A8C9006340BE /* BoardMainViewModel.swift in Sources */,
				DBB7C6642BD7B89F00D3081A /* QueryString.swift in Sources */,
				DB4110092BD160B00088679F /* BoardMainViewController.swift in Sources */,
				DB204D962BD29F0A006340BE /* MainTabBarController.swift in Sources */,
				DBCBAA012BC7CCFE006B40CA /* APIKey.swift in Sources */,
				DBCBAA112BC7D0F0006B40CA /* TargetType.swift in Sources */,
				DBCBAA242BC7E82A006B40CA /* EmailLoginViewModel.swift in Sources */,
				DB901C762BD6D9A7003EEDC6 /* ImageResize.swift in Sources */,
				DBCBA9E22BC7BE34006B40CA /* SceneDelegate.swift in Sources */,
				DBCBAA612BCD6A07006B40CA /* SignUpEmailViewModel.swift in Sources */,
			);
			runOnlyForDeploymentPostprocessing = 0;
		};
/* End PBXSourcesBuildPhase section */

/* Begin PBXVariantGroup section */
		DBCBA9EA2BC7BE35006B40CA /* LaunchScreen.storyboard */ = {
			isa = PBXVariantGroup;
			children = (
				DBCBA9EB2BC7BE35006B40CA /* Base */,
			);
			name = LaunchScreen.storyboard;
			sourceTree = "<group>";
		};
/* End PBXVariantGroup section */

/* Begin XCBuildConfiguration section */
		DBCBA9EE2BC7BE35006B40CA /* Debug */ = {
			isa = XCBuildConfiguration;
			buildSettings = {
				ALWAYS_SEARCH_USER_PATHS = NO;
				ASSETCATALOG_COMPILER_GENERATE_SWIFT_ASSET_SYMBOL_EXTENSIONS = YES;
				CLANG_ANALYZER_NONNULL = YES;
				CLANG_ANALYZER_NUMBER_OBJECT_CONVERSION = YES_AGGRESSIVE;
				CLANG_CXX_LANGUAGE_STANDARD = "gnu++20";
				CLANG_ENABLE_MODULES = YES;
				CLANG_ENABLE_OBJC_ARC = YES;
				CLANG_ENABLE_OBJC_WEAK = YES;
				CLANG_WARN_BLOCK_CAPTURE_AUTORELEASING = YES;
				CLANG_WARN_BOOL_CONVERSION = YES;
				CLANG_WARN_COMMA = YES;
				CLANG_WARN_CONSTANT_CONVERSION = YES;
				CLANG_WARN_DEPRECATED_OBJC_IMPLEMENTATIONS = YES;
				CLANG_WARN_DIRECT_OBJC_ISA_USAGE = YES_ERROR;
				CLANG_WARN_DOCUMENTATION_COMMENTS = YES;
				CLANG_WARN_EMPTY_BODY = YES;
				CLANG_WARN_ENUM_CONVERSION = YES;
				CLANG_WARN_INFINITE_RECURSION = YES;
				CLANG_WARN_INT_CONVERSION = YES;
				CLANG_WARN_NON_LITERAL_NULL_CONVERSION = YES;
				CLANG_WARN_OBJC_IMPLICIT_RETAIN_SELF = YES;
				CLANG_WARN_OBJC_LITERAL_CONVERSION = YES;
				CLANG_WARN_OBJC_ROOT_CLASS = YES_ERROR;
				CLANG_WARN_QUOTED_INCLUDE_IN_FRAMEWORK_HEADER = YES;
				CLANG_WARN_RANGE_LOOP_ANALYSIS = YES;
				CLANG_WARN_STRICT_PROTOTYPES = YES;
				CLANG_WARN_SUSPICIOUS_MOVE = YES;
				CLANG_WARN_UNGUARDED_AVAILABILITY = YES_AGGRESSIVE;
				CLANG_WARN_UNREACHABLE_CODE = YES;
				CLANG_WARN__DUPLICATE_METHOD_MATCH = YES;
				COPY_PHASE_STRIP = NO;
				DEBUG_INFORMATION_FORMAT = dwarf;
				ENABLE_STRICT_OBJC_MSGSEND = YES;
				ENABLE_TESTABILITY = YES;
				ENABLE_USER_SCRIPT_SANDBOXING = NO;
				GCC_C_LANGUAGE_STANDARD = gnu17;
				GCC_DYNAMIC_NO_PIC = NO;
				GCC_NO_COMMON_BLOCKS = YES;
				GCC_OPTIMIZATION_LEVEL = 0;
				GCC_PREPROCESSOR_DEFINITIONS = (
					"DEBUG=1",
					"$(inherited)",
				);
				GCC_WARN_64_TO_32_BIT_CONVERSION = YES;
				GCC_WARN_ABOUT_RETURN_TYPE = YES_ERROR;
				GCC_WARN_UNDECLARED_SELECTOR = YES;
				GCC_WARN_UNINITIALIZED_AUTOS = YES_AGGRESSIVE;
				GCC_WARN_UNUSED_FUNCTION = YES;
				GCC_WARN_UNUSED_VARIABLE = YES;
				IPHONEOS_DEPLOYMENT_TARGET = 17.4;
				LOCALIZATION_PREFERS_STRING_CATALOGS = YES;
				MTL_ENABLE_DEBUG_INFO = INCLUDE_SOURCE;
				MTL_FAST_MATH = YES;
				ONLY_ACTIVE_ARCH = YES;
				SDKROOT = iphoneos;
				SWIFT_ACTIVE_COMPILATION_CONDITIONS = "DEBUG $(inherited)";
				SWIFT_OPTIMIZATION_LEVEL = "-Onone";
			};
			name = Debug;
		};
		DBCBA9EF2BC7BE35006B40CA /* Release */ = {
			isa = XCBuildConfiguration;
			buildSettings = {
				ALWAYS_SEARCH_USER_PATHS = NO;
				ASSETCATALOG_COMPILER_GENERATE_SWIFT_ASSET_SYMBOL_EXTENSIONS = YES;
				CLANG_ANALYZER_NONNULL = YES;
				CLANG_ANALYZER_NUMBER_OBJECT_CONVERSION = YES_AGGRESSIVE;
				CLANG_CXX_LANGUAGE_STANDARD = "gnu++20";
				CLANG_ENABLE_MODULES = YES;
				CLANG_ENABLE_OBJC_ARC = YES;
				CLANG_ENABLE_OBJC_WEAK = YES;
				CLANG_WARN_BLOCK_CAPTURE_AUTORELEASING = YES;
				CLANG_WARN_BOOL_CONVERSION = YES;
				CLANG_WARN_COMMA = YES;
				CLANG_WARN_CONSTANT_CONVERSION = YES;
				CLANG_WARN_DEPRECATED_OBJC_IMPLEMENTATIONS = YES;
				CLANG_WARN_DIRECT_OBJC_ISA_USAGE = YES_ERROR;
				CLANG_WARN_DOCUMENTATION_COMMENTS = YES;
				CLANG_WARN_EMPTY_BODY = YES;
				CLANG_WARN_ENUM_CONVERSION = YES;
				CLANG_WARN_INFINITE_RECURSION = YES;
				CLANG_WARN_INT_CONVERSION = YES;
				CLANG_WARN_NON_LITERAL_NULL_CONVERSION = YES;
				CLANG_WARN_OBJC_IMPLICIT_RETAIN_SELF = YES;
				CLANG_WARN_OBJC_LITERAL_CONVERSION = YES;
				CLANG_WARN_OBJC_ROOT_CLASS = YES_ERROR;
				CLANG_WARN_QUOTED_INCLUDE_IN_FRAMEWORK_HEADER = YES;
				CLANG_WARN_RANGE_LOOP_ANALYSIS = YES;
				CLANG_WARN_STRICT_PROTOTYPES = YES;
				CLANG_WARN_SUSPICIOUS_MOVE = YES;
				CLANG_WARN_UNGUARDED_AVAILABILITY = YES_AGGRESSIVE;
				CLANG_WARN_UNREACHABLE_CODE = YES;
				CLANG_WARN__DUPLICATE_METHOD_MATCH = YES;
				COPY_PHASE_STRIP = NO;
				DEBUG_INFORMATION_FORMAT = "dwarf-with-dsym";
				ENABLE_NS_ASSERTIONS = NO;
				ENABLE_STRICT_OBJC_MSGSEND = YES;
				ENABLE_USER_SCRIPT_SANDBOXING = NO;
				GCC_C_LANGUAGE_STANDARD = gnu17;
				GCC_NO_COMMON_BLOCKS = YES;
				GCC_WARN_64_TO_32_BIT_CONVERSION = YES;
				GCC_WARN_ABOUT_RETURN_TYPE = YES_ERROR;
				GCC_WARN_UNDECLARED_SELECTOR = YES;
				GCC_WARN_UNINITIALIZED_AUTOS = YES_AGGRESSIVE;
				GCC_WARN_UNUSED_FUNCTION = YES;
				GCC_WARN_UNUSED_VARIABLE = YES;
				IPHONEOS_DEPLOYMENT_TARGET = 17.4;
				LOCALIZATION_PREFERS_STRING_CATALOGS = YES;
				MTL_ENABLE_DEBUG_INFO = NO;
				MTL_FAST_MATH = YES;
				SDKROOT = iphoneos;
				SWIFT_COMPILATION_MODE = wholemodule;
				VALIDATE_PRODUCT = YES;
			};
			name = Release;
		};
		DBCBA9F12BC7BE35006B40CA /* Debug */ = {
			isa = XCBuildConfiguration;
			baseConfigurationReference = 6E065FA89B28CFAB4A4CCE5E /* Pods-YeogiApa.debug.xcconfig */;
			buildSettings = {
				ASSETCATALOG_COMPILER_APPICON_NAME = AppIcon;
				ASSETCATALOG_COMPILER_GLOBAL_ACCENT_COLOR_NAME = AccentColor;
				CODE_SIGN_STYLE = Automatic;
				CURRENT_PROJECT_VERSION = 1;
				DEVELOPMENT_TEAM = SUZFV58S8B;
				GENERATE_INFOPLIST_FILE = YES;
				INFOPLIST_FILE = YeogiApa/Application/Info.plist;
				INFOPLIST_KEY_UIApplicationSupportsIndirectInputEvents = YES;
				INFOPLIST_KEY_UILaunchStoryboardName = LaunchScreen;
				INFOPLIST_KEY_UIMainStoryboardFile = "";
				INFOPLIST_KEY_UISupportedInterfaceOrientations = UIInterfaceOrientationPortrait;
				INFOPLIST_KEY_UISupportedInterfaceOrientations_iPad = "UIInterfaceOrientationLandscapeLeft UIInterfaceOrientationLandscapeRight UIInterfaceOrientationPortrait UIInterfaceOrientationPortraitUpsideDown";
				IPHONEOS_DEPLOYMENT_TARGET = 16;
				LD_RUNPATH_SEARCH_PATHS = (
					"$(inherited)",
					"@executable_path/Frameworks",
				);
				MARKETING_VERSION = 1.0;
				PRODUCT_BUNDLE_IDENTIFIER = com.jinoo.YeogiApa;
				PRODUCT_NAME = "$(TARGET_NAME)";
				SUPPORTED_PLATFORMS = "iphoneos iphonesimulator";
				SUPPORTS_MACCATALYST = NO;
				SUPPORTS_MAC_DESIGNED_FOR_IPHONE_IPAD = NO;
				SUPPORTS_XR_DESIGNED_FOR_IPHONE_IPAD = NO;
				SWIFT_EMIT_LOC_STRINGS = YES;
				SWIFT_VERSION = 5.0;
				TARGETED_DEVICE_FAMILY = 1;
			};
			name = Debug;
		};
		DBCBA9F22BC7BE35006B40CA /* Release */ = {
			isa = XCBuildConfiguration;
			baseConfigurationReference = CE70E4E40DA521BFE3917A88 /* Pods-YeogiApa.release.xcconfig */;
			buildSettings = {
				ASSETCATALOG_COMPILER_APPICON_NAME = AppIcon;
				ASSETCATALOG_COMPILER_GLOBAL_ACCENT_COLOR_NAME = AccentColor;
				CODE_SIGN_STYLE = Automatic;
				CURRENT_PROJECT_VERSION = 1;
				DEVELOPMENT_TEAM = SUZFV58S8B;
				GENERATE_INFOPLIST_FILE = YES;
				INFOPLIST_FILE = YeogiApa/Application/Info.plist;
				INFOPLIST_KEY_UIApplicationSupportsIndirectInputEvents = YES;
				INFOPLIST_KEY_UILaunchStoryboardName = LaunchScreen;
				INFOPLIST_KEY_UIMainStoryboardFile = "";
				INFOPLIST_KEY_UISupportedInterfaceOrientations = UIInterfaceOrientationPortrait;
				INFOPLIST_KEY_UISupportedInterfaceOrientations_iPad = "UIInterfaceOrientationLandscapeLeft UIInterfaceOrientationLandscapeRight UIInterfaceOrientationPortrait UIInterfaceOrientationPortraitUpsideDown";
				IPHONEOS_DEPLOYMENT_TARGET = 16;
				LD_RUNPATH_SEARCH_PATHS = (
					"$(inherited)",
					"@executable_path/Frameworks",
				);
				MARKETING_VERSION = 1.0;
				PRODUCT_BUNDLE_IDENTIFIER = com.jinoo.YeogiApa;
				PRODUCT_NAME = "$(TARGET_NAME)";
				SUPPORTED_PLATFORMS = "iphoneos iphonesimulator";
				SUPPORTS_MACCATALYST = NO;
				SUPPORTS_MAC_DESIGNED_FOR_IPHONE_IPAD = NO;
				SUPPORTS_XR_DESIGNED_FOR_IPHONE_IPAD = NO;
				SWIFT_EMIT_LOC_STRINGS = YES;
				SWIFT_VERSION = 5.0;
				TARGETED_DEVICE_FAMILY = 1;
			};
			name = Release;
		};
/* End XCBuildConfiguration section */

/* Begin XCConfigurationList section */
		DBCBA9D72BC7BE34006B40CA /* Build configuration list for PBXProject "YeogiApa" */ = {
			isa = XCConfigurationList;
			buildConfigurations = (
				DBCBA9EE2BC7BE35006B40CA /* Debug */,
				DBCBA9EF2BC7BE35006B40CA /* Release */,
			);
			defaultConfigurationIsVisible = 0;
			defaultConfigurationName = Release;
		};
		DBCBA9F02BC7BE35006B40CA /* Build configuration list for PBXNativeTarget "YeogiApa" */ = {
			isa = XCConfigurationList;
			buildConfigurations = (
				DBCBA9F12BC7BE35006B40CA /* Debug */,
				DBCBA9F22BC7BE35006B40CA /* Release */,
			);
			defaultConfigurationIsVisible = 0;
			defaultConfigurationName = Release;
		};
/* End XCConfigurationList section */
	};
	rootObject = DBCBA9D42BC7BE34006B40CA /* Project object */;
}
