// !$*UTF8*$!
{
	archiveVersion = 1;
	classes = {
	};
	objectVersion = 56;
	objects = {

/* Begin PBXBuildFile section */
		217C9232DB0C64915C533AF0 /* Pods_YeogiApa.framework in Frameworks */ = {isa = PBXBuildFile; fileRef = DBEC6A0F713D23C5F15574E0 /* Pods_YeogiApa.framework */; };
		DBCBA9E02BC7BE34006B40CA /* AppDelegate.swift in Sources */ = {isa = PBXBuildFile; fileRef = DBCBA9DF2BC7BE34006B40CA /* AppDelegate.swift */; };
		DBCBA9E22BC7BE34006B40CA /* SceneDelegate.swift in Sources */ = {isa = PBXBuildFile; fileRef = DBCBA9E12BC7BE34006B40CA /* SceneDelegate.swift */; };
		DBCBA9E92BC7BE35006B40CA /* Assets.xcassets in Resources */ = {isa = PBXBuildFile; fileRef = DBCBA9E82BC7BE35006B40CA /* Assets.xcassets */; };
		DBCBA9EC2BC7BE35006B40CA /* Base in Resources */ = {isa = PBXBuildFile; fileRef = DBCBA9EB2BC7BE35006B40CA /* Base */; };
		DBCBA9F42BC7BE5C006B40CA /* .gitignore in Resources */ = {isa = PBXBuildFile; fileRef = DBCBA9F32BC7BE5C006B40CA /* .gitignore */; };
		DBCBAA012BC7CCFE006B40CA /* APIKey.swift in Sources */ = {isa = PBXBuildFile; fileRef = DBCBAA002BC7CCFE006B40CA /* APIKey.swift */; };
		DBCBAA042BC7CD32006B40CA /* BaseViewController.swift in Sources */ = {isa = PBXBuildFile; fileRef = DBCBAA022BC7CD32006B40CA /* BaseViewController.swift */; };
		DBCBAA052BC7CD32006B40CA /* BaseView.swift in Sources */ = {isa = PBXBuildFile; fileRef = DBCBAA032BC7CD32006B40CA /* BaseView.swift */; };
		DBCBAA072BC7CE79006B40CA /* DesignSystem.swift in Sources */ = {isa = PBXBuildFile; fileRef = DBCBAA062BC7CE79006B40CA /* DesignSystem.swift */; };
		DBCBAA092BC7CEE8006B40CA /* UserRouter.swift in Sources */ = {isa = PBXBuildFile; fileRef = DBCBAA082BC7CEE8006B40CA /* UserRouter.swift */; };
		DBCBAA0B2BC7D0A5006B40CA /* LoginQuery.swift in Sources */ = {isa = PBXBuildFile; fileRef = DBCBAA0A2BC7D0A5006B40CA /* LoginQuery.swift */; };
		DBCBAA0D2BC7D0B9006B40CA /* HTTPHeader.swift in Sources */ = {isa = PBXBuildFile; fileRef = DBCBAA0C2BC7D0B9006B40CA /* HTTPHeader.swift */; };
		DBCBAA0F2BC7D0E1006B40CA /* NetworkManager.swift in Sources */ = {isa = PBXBuildFile; fileRef = DBCBAA0E2BC7D0E1006B40CA /* NetworkManager.swift */; };
		DBCBAA112BC7D0F0006B40CA /* TargetType.swift in Sources */ = {isa = PBXBuildFile; fileRef = DBCBAA102BC7D0F0006B40CA /* TargetType.swift */; };
		DBCBAA132BC7D900006B40CA /* LoginResponse.swift in Sources */ = {isa = PBXBuildFile; fileRef = DBCBAA122BC7D900006B40CA /* LoginResponse.swift */; };
		DBCBAA152BC7DC8C006B40CA /* JoinQuery.swift in Sources */ = {isa = PBXBuildFile; fileRef = DBCBAA142BC7DC8C006B40CA /* JoinQuery.swift */; };
		DBCBAA172BC7E02D006B40CA /* LoginViewController.swift in Sources */ = {isa = PBXBuildFile; fileRef = DBCBAA162BC7E02D006B40CA /* LoginViewController.swift */; };
		DBCBAA192BC7E106006B40CA /* LoginView.swift in Sources */ = {isa = PBXBuildFile; fileRef = DBCBAA182BC7E106006B40CA /* LoginView.swift */; };
		DBCBAA1F2BC7E7F2006B40CA /* ReusableID.swift in Sources */ = {isa = PBXBuildFile; fileRef = DBCBAA1D2BC7E7F2006B40CA /* ReusableID.swift */; };
		DBCBAA202BC7E7F2006B40CA /* ViewModelType.swift in Sources */ = {isa = PBXBuildFile; fileRef = DBCBAA1E2BC7E7F2006B40CA /* ViewModelType.swift */; };
		DBCBAA222BC7E804006B40CA /* UIViewController+Extension.swift in Sources */ = {isa = PBXBuildFile; fileRef = DBCBAA212BC7E804006B40CA /* UIViewController+Extension.swift */; };
		DBCBAA242BC7E82A006B40CA /* LoginViewModel.swift in Sources */ = {isa = PBXBuildFile; fileRef = DBCBAA232BC7E82A006B40CA /* LoginViewModel.swift */; };
/* End PBXBuildFile section */

/* Begin PBXFileReference section */
		6E065FA89B28CFAB4A4CCE5E /* Pods-YeogiApa.debug.xcconfig */ = {isa = PBXFileReference; includeInIndex = 1; lastKnownFileType = text.xcconfig; name = "Pods-YeogiApa.debug.xcconfig"; path = "Target Support Files/Pods-YeogiApa/Pods-YeogiApa.debug.xcconfig"; sourceTree = "<group>"; };
		CE70E4E40DA521BFE3917A88 /* Pods-YeogiApa.release.xcconfig */ = {isa = PBXFileReference; includeInIndex = 1; lastKnownFileType = text.xcconfig; name = "Pods-YeogiApa.release.xcconfig"; path = "Target Support Files/Pods-YeogiApa/Pods-YeogiApa.release.xcconfig"; sourceTree = "<group>"; };
		DBCBA9DC2BC7BE34006B40CA /* YeogiApa.app */ = {isa = PBXFileReference; explicitFileType = wrapper.application; includeInIndex = 0; path = YeogiApa.app; sourceTree = BUILT_PRODUCTS_DIR; };
		DBCBA9DF2BC7BE34006B40CA /* AppDelegate.swift */ = {isa = PBXFileReference; lastKnownFileType = sourcecode.swift; path = AppDelegate.swift; sourceTree = "<group>"; };
		DBCBA9E12BC7BE34006B40CA /* SceneDelegate.swift */ = {isa = PBXFileReference; lastKnownFileType = sourcecode.swift; path = SceneDelegate.swift; sourceTree = "<group>"; };
		DBCBA9E82BC7BE35006B40CA /* Assets.xcassets */ = {isa = PBXFileReference; lastKnownFileType = folder.assetcatalog; path = Assets.xcassets; sourceTree = "<group>"; };
		DBCBA9EB2BC7BE35006B40CA /* Base */ = {isa = PBXFileReference; lastKnownFileType = file.storyboard; name = Base; path = Base.lproj/LaunchScreen.storyboard; sourceTree = "<group>"; };
		DBCBA9ED2BC7BE35006B40CA /* Info.plist */ = {isa = PBXFileReference; lastKnownFileType = text.plist.xml; path = Info.plist; sourceTree = "<group>"; };
		DBCBA9F32BC7BE5C006B40CA /* .gitignore */ = {isa = PBXFileReference; fileEncoding = 4; lastKnownFileType = text; path = .gitignore; sourceTree = "<group>"; };
		DBCBAA002BC7CCFE006B40CA /* APIKey.swift */ = {isa = PBXFileReference; fileEncoding = 4; lastKnownFileType = sourcecode.swift; path = APIKey.swift; sourceTree = "<group>"; };
		DBCBAA022BC7CD32006B40CA /* BaseViewController.swift */ = {isa = PBXFileReference; fileEncoding = 4; lastKnownFileType = sourcecode.swift; path = BaseViewController.swift; sourceTree = "<group>"; };
		DBCBAA032BC7CD32006B40CA /* BaseView.swift */ = {isa = PBXFileReference; fileEncoding = 4; lastKnownFileType = sourcecode.swift; path = BaseView.swift; sourceTree = "<group>"; };
		DBCBAA062BC7CE79006B40CA /* DesignSystem.swift */ = {isa = PBXFileReference; fileEncoding = 4; lastKnownFileType = sourcecode.swift; path = DesignSystem.swift; sourceTree = "<group>"; };
		DBCBAA082BC7CEE8006B40CA /* UserRouter.swift */ = {isa = PBXFileReference; fileEncoding = 4; lastKnownFileType = sourcecode.swift; path = UserRouter.swift; sourceTree = "<group>"; };
		DBCBAA0A2BC7D0A5006B40CA /* LoginQuery.swift */ = {isa = PBXFileReference; fileEncoding = 4; lastKnownFileType = sourcecode.swift; path = LoginQuery.swift; sourceTree = "<group>"; };
		DBCBAA0C2BC7D0B9006B40CA /* HTTPHeader.swift */ = {isa = PBXFileReference; fileEncoding = 4; lastKnownFileType = sourcecode.swift; path = HTTPHeader.swift; sourceTree = "<group>"; };
		DBCBAA0E2BC7D0E1006B40CA /* NetworkManager.swift */ = {isa = PBXFileReference; fileEncoding = 4; lastKnownFileType = sourcecode.swift; path = NetworkManager.swift; sourceTree = "<group>"; };
		DBCBAA102BC7D0F0006B40CA /* TargetType.swift */ = {isa = PBXFileReference; fileEncoding = 4; lastKnownFileType = sourcecode.swift; path = TargetType.swift; sourceTree = "<group>"; };
		DBCBAA122BC7D900006B40CA /* LoginResponse.swift */ = {isa = PBXFileReference; lastKnownFileType = sourcecode.swift; path = LoginResponse.swift; sourceTree = "<group>"; };
		DBCBAA142BC7DC8C006B40CA /* JoinQuery.swift */ = {isa = PBXFileReference; lastKnownFileType = sourcecode.swift; path = JoinQuery.swift; sourceTree = "<group>"; };
		DBCBAA162BC7E02D006B40CA /* LoginViewController.swift */ = {isa = PBXFileReference; lastKnownFileType = sourcecode.swift; path = LoginViewController.swift; sourceTree = "<group>"; };
		DBCBAA182BC7E106006B40CA /* LoginView.swift */ = {isa = PBXFileReference; lastKnownFileType = sourcecode.swift; path = LoginView.swift; sourceTree = "<group>"; };
		DBCBAA1D2BC7E7F2006B40CA /* ReusableID.swift */ = {isa = PBXFileReference; fileEncoding = 4; lastKnownFileType = sourcecode.swift; path = ReusableID.swift; sourceTree = "<group>"; };
		DBCBAA1E2BC7E7F2006B40CA /* ViewModelType.swift */ = {isa = PBXFileReference; fileEncoding = 4; lastKnownFileType = sourcecode.swift; path = ViewModelType.swift; sourceTree = "<group>"; };
		DBCBAA212BC7E804006B40CA /* UIViewController+Extension.swift */ = {isa = PBXFileReference; fileEncoding = 4; lastKnownFileType = sourcecode.swift; path = "UIViewController+Extension.swift"; sourceTree = "<group>"; };
		DBCBAA232BC7E82A006B40CA /* LoginViewModel.swift */ = {isa = PBXFileReference; lastKnownFileType = sourcecode.swift; path = LoginViewModel.swift; sourceTree = "<group>"; };
		DBEC6A0F713D23C5F15574E0 /* Pods_YeogiApa.framework */ = {isa = PBXFileReference; explicitFileType = wrapper.framework; includeInIndex = 0; path = Pods_YeogiApa.framework; sourceTree = BUILT_PRODUCTS_DIR; };
/* End PBXFileReference section */

/* Begin PBXFrameworksBuildPhase section */
		DBCBA9D92BC7BE34006B40CA /* Frameworks */ = {
			isa = PBXFrameworksBuildPhase;
			buildActionMask = 2147483647;
			files = (
				217C9232DB0C64915C533AF0 /* Pods_YeogiApa.framework in Frameworks */,
			);
			runOnlyForDeploymentPostprocessing = 0;
		};
/* End PBXFrameworksBuildPhase section */

/* Begin PBXGroup section */
		773B94913F333C63024B119D /* Frameworks */ = {
			isa = PBXGroup;
			children = (
				DBEC6A0F713D23C5F15574E0 /* Pods_YeogiApa.framework */,
			);
			name = Frameworks;
			sourceTree = "<group>";
		};
		DBCBA9D32BC7BE34006B40CA = {
			isa = PBXGroup;
			children = (
				DBCBA9F32BC7BE5C006B40CA /* .gitignore */,
				DBCBA9DE2BC7BE34006B40CA /* YeogiApa */,
				DBCBA9DD2BC7BE34006B40CA /* Products */,
				FE20E17095C8CCE921DF3EF4 /* Pods */,
				773B94913F333C63024B119D /* Frameworks */,
			);
			sourceTree = "<group>";
		};
		DBCBA9DD2BC7BE34006B40CA /* Products */ = {
			isa = PBXGroup;
			children = (
				DBCBA9DC2BC7BE34006B40CA /* YeogiApa.app */,
			);
			name = Products;
			sourceTree = "<group>";
		};
		DBCBA9DE2BC7BE34006B40CA /* YeogiApa */ = {
			isa = PBXGroup;
			children = (
				DBCBA9F62BC7C64D006B40CA /* Presentation */,
				DBCBA9FB2BC7CB31006B40CA /* Data */,
				DBCBA9FC2BC7CB68006B40CA /* Application */,
			);
			path = YeogiApa;
			sourceTree = "<group>";
		};
		DBCBA9F52BC7C446006B40CA /* Network */ = {
			isa = PBXGroup;
			children = (
				DBCBAA002BC7CCFE006B40CA /* APIKey.swift */,
				DBCBAA102BC7D0F0006B40CA /* TargetType.swift */,
				DBCBAA0C2BC7D0B9006B40CA /* HTTPHeader.swift */,
				DBCBAA0E2BC7D0E1006B40CA /* NetworkManager.swift */,
				DBCBA9FF2BC7CCE2006B40CA /* Router */,
				DBCBA9FE2BC7CCD8006B40CA /* DataMapping */,
			);
			path = Network;
			sourceTree = "<group>";
		};
		DBCBA9F62BC7C64D006B40CA /* Presentation */ = {
			isa = PBXGroup;
			children = (
				DBCBA9EA2BC7BE35006B40CA /* LaunchScreen.storyboard */,
				DBCBA9FD2BC7CBA6006B40CA /* Utility */,
				DBCBA9FA2BC7C69B006B40CA /* Base */,
				DBCBA9F72BC7C677006B40CA /* Login */,
			);
			path = Presentation;
			sourceTree = "<group>";
		};
		DBCBA9F72BC7C677006B40CA /* Login */ = {
			isa = PBXGroup;
			children = (
				DBCBA9F82BC7C686006B40CA /* View */,
				DBCBA9F92BC7C68A006B40CA /* ViewModel */,
			);
			path = Login;
			sourceTree = "<group>";
		};
		DBCBA9F82BC7C686006B40CA /* View */ = {
			isa = PBXGroup;
			children = (
				DBCBAA182BC7E106006B40CA /* LoginView.swift */,
				DBCBAA162BC7E02D006B40CA /* LoginViewController.swift */,
			);
			path = View;
			sourceTree = "<group>";
		};
		DBCBA9F92BC7C68A006B40CA /* ViewModel */ = {
			isa = PBXGroup;
			children = (
				DBCBAA232BC7E82A006B40CA /* LoginViewModel.swift */,
			);
			path = ViewModel;
			sourceTree = "<group>";
		};
		DBCBA9FA2BC7C69B006B40CA /* Base */ = {
			isa = PBXGroup;
			children = (
				DBCBAA032BC7CD32006B40CA /* BaseView.swift */,
				DBCBAA022BC7CD32006B40CA /* BaseViewController.swift */,
			);
			path = Base;
			sourceTree = "<group>";
		};
		DBCBA9FB2BC7CB31006B40CA /* Data */ = {
			isa = PBXGroup;
			children = (
				DBCBA9F52BC7C446006B40CA /* Network */,
			);
			path = Data;
			sourceTree = "<group>";
		};
		DBCBA9FC2BC7CB68006B40CA /* Application */ = {
			isa = PBXGroup;
			children = (
				DBCBA9ED2BC7BE35006B40CA /* Info.plist */,
				DBCBA9DF2BC7BE34006B40CA /* AppDelegate.swift */,
				DBCBA9E12BC7BE34006B40CA /* SceneDelegate.swift */,
			);
			path = Application;
			sourceTree = "<group>";
		};
		DBCBA9FD2BC7CBA6006B40CA /* Utility */ = {
			isa = PBXGroup;
			children = (
				DBCBAA1C2BC7E7D9006B40CA /* Extension */,
				DBCBAA1B2BC7E7D3006B40CA /* Protocol */,
				DBCBAA1A2BC7E7BE006B40CA /* Design */,
			);
			path = Utility;
			sourceTree = "<group>";
		};
		DBCBA9FE2BC7CCD8006B40CA /* DataMapping */ = {
			isa = PBXGroup;
			children = (
				DBCBAA142BC7DC8C006B40CA /* JoinQuery.swift */,
				DBCBAA0A2BC7D0A5006B40CA /* LoginQuery.swift */,
				DBCBAA122BC7D900006B40CA /* LoginResponse.swift */,
			);
			path = DataMapping;
			sourceTree = "<group>";
		};
		DBCBA9FF2BC7CCE2006B40CA /* Router */ = {
			isa = PBXGroup;
			children = (
				DBCBAA082BC7CEE8006B40CA /* UserRouter.swift */,
			);
			path = Router;
			sourceTree = "<group>";
		};
		DBCBAA1A2BC7E7BE006B40CA /* Design */ = {
			isa = PBXGroup;
			children = (
				DBCBAA062BC7CE79006B40CA /* DesignSystem.swift */,
				DBCBA9E82BC7BE35006B40CA /* Assets.xcassets */,
			);
			path = Design;
			sourceTree = "<group>";
		};
		DBCBAA1B2BC7E7D3006B40CA /* Protocol */ = {
			isa = PBXGroup;
			children = (
				DBCBAA1D2BC7E7F2006B40CA /* ReusableID.swift */,
				DBCBAA1E2BC7E7F2006B40CA /* ViewModelType.swift */,
			);
			path = Protocol;
			sourceTree = "<group>";
		};
		DBCBAA1C2BC7E7D9006B40CA /* Extension */ = {
			isa = PBXGroup;
			children = (
				DBCBAA212BC7E804006B40CA /* UIViewController+Extension.swift */,
			);
			path = Extension;
			sourceTree = "<group>";
		};
		FE20E17095C8CCE921DF3EF4 /* Pods */ = {
			isa = PBXGroup;
			children = (
				6E065FA89B28CFAB4A4CCE5E /* Pods-YeogiApa.debug.xcconfig */,
				CE70E4E40DA521BFE3917A88 /* Pods-YeogiApa.release.xcconfig */,
			);
			path = Pods;
			sourceTree = "<group>";
		};
/* End PBXGroup section */

/* Begin PBXNativeTarget section */
		DBCBA9DB2BC7BE34006B40CA /* YeogiApa */ = {
			isa = PBXNativeTarget;
			buildConfigurationList = DBCBA9F02BC7BE35006B40CA /* Build configuration list for PBXNativeTarget "YeogiApa" */;
			buildPhases = (
				B224A294375BDEC81B18F515 /* [CP] Check Pods Manifest.lock */,
				DBCBA9D82BC7BE34006B40CA /* Sources */,
				DBCBA9D92BC7BE34006B40CA /* Frameworks */,
				DBCBA9DA2BC7BE34006B40CA /* Resources */,
				0EA885B6548AE7898929DF91 /* [CP] Embed Pods Frameworks */,
			);
			buildRules = (
			);
			dependencies = (
			);
			name = YeogiApa;
			productName = YeogiApa;
			productReference = DBCBA9DC2BC7BE34006B40CA /* YeogiApa.app */;
			productType = "com.apple.product-type.application";
		};
/* End PBXNativeTarget section */

/* Begin PBXProject section */
		DBCBA9D42BC7BE34006B40CA /* Project object */ = {
			isa = PBXProject;
			attributes = {
				BuildIndependentTargetsInParallel = 1;
				LastSwiftUpdateCheck = 1530;
				LastUpgradeCheck = 1530;
				TargetAttributes = {
					DBCBA9DB2BC7BE34006B40CA = {
						CreatedOnToolsVersion = 15.3;
					};
				};
			};
			buildConfigurationList = DBCBA9D72BC7BE34006B40CA /* Build configuration list for PBXProject "YeogiApa" */;
			compatibilityVersion = "Xcode 14.0";
			developmentRegion = en;
			hasScannedForEncodings = 0;
			knownRegions = (
				en,
				Base,
			);
			mainGroup = DBCBA9D32BC7BE34006B40CA;
			productRefGroup = DBCBA9DD2BC7BE34006B40CA /* Products */;
			projectDirPath = "";
			projectRoot = "";
			targets = (
				DBCBA9DB2BC7BE34006B40CA /* YeogiApa */,
			);
		};
/* End PBXProject section */

/* Begin PBXResourcesBuildPhase section */
		DBCBA9DA2BC7BE34006B40CA /* Resources */ = {
			isa = PBXResourcesBuildPhase;
			buildActionMask = 2147483647;
			files = (
				DBCBA9F42BC7BE5C006B40CA /* .gitignore in Resources */,
				DBCBA9E92BC7BE35006B40CA /* Assets.xcassets in Resources */,
				DBCBA9EC2BC7BE35006B40CA /* Base in Resources */,
			);
			runOnlyForDeploymentPostprocessing = 0;
		};
/* End PBXResourcesBuildPhase section */

/* Begin PBXShellScriptBuildPhase section */
		0EA885B6548AE7898929DF91 /* [CP] Embed Pods Frameworks */ = {
			isa = PBXShellScriptBuildPhase;
			buildActionMask = 2147483647;
			files = (
			);
			inputFileListPaths = (
				"${PODS_ROOT}/Target Support Files/Pods-YeogiApa/Pods-YeogiApa-frameworks-${CONFIGURATION}-input-files.xcfilelist",
			);
			name = "[CP] Embed Pods Frameworks";
			outputFileListPaths = (
				"${PODS_ROOT}/Target Support Files/Pods-YeogiApa/Pods-YeogiApa-frameworks-${CONFIGURATION}-output-files.xcfilelist",
			);
			runOnlyForDeploymentPostprocessing = 0;
			shellPath = /bin/sh;
			shellScript = "\"${PODS_ROOT}/Target Support Files/Pods-YeogiApa/Pods-YeogiApa-frameworks.sh\"\n";
			showEnvVarsInLog = 0;
		};
		B224A294375BDEC81B18F515 /* [CP] Check Pods Manifest.lock */ = {
			isa = PBXShellScriptBuildPhase;
			buildActionMask = 2147483647;
			files = (
			);
			inputFileListPaths = (
			);
			inputPaths = (
				"${PODS_PODFILE_DIR_PATH}/Podfile.lock",
				"${PODS_ROOT}/Manifest.lock",
			);
			name = "[CP] Check Pods Manifest.lock";
			outputFileListPaths = (
			);
			outputPaths = (
				"$(DERIVED_FILE_DIR)/Pods-YeogiApa-checkManifestLockResult.txt",
			);
			runOnlyForDeploymentPostprocessing = 0;
			shellPath = /bin/sh;
			shellScript = "diff \"${PODS_PODFILE_DIR_PATH}/Podfile.lock\" \"${PODS_ROOT}/Manifest.lock\" > /dev/null\nif [ $? != 0 ] ; then\n    # print error to STDERR\n    echo \"error: The sandbox is not in sync with the Podfile.lock. Run 'pod install' or update your CocoaPods installation.\" >&2\n    exit 1\nfi\n# This output is used by Xcode 'outputs' to avoid re-running this script phase.\necho \"SUCCESS\" > \"${SCRIPT_OUTPUT_FILE_0}\"\n";
			showEnvVarsInLog = 0;
		};
/* End PBXShellScriptBuildPhase section */

/* Begin PBXSourcesBuildPhase section */
		DBCBA9D82BC7BE34006B40CA /* Sources */ = {
			isa = PBXSourcesBuildPhase;
			buildActionMask = 2147483647;
			files = (
				DBCBAA172BC7E02D006B40CA /* LoginViewController.swift in Sources */,
				DBCBAA222BC7E804006B40CA /* UIViewController+Extension.swift in Sources */,
				DBCBAA0D2BC7D0B9006B40CA /* HTTPHeader.swift in Sources */,
				DBCBAA072BC7CE79006B40CA /* DesignSystem.swift in Sources */,
				DBCBAA192BC7E106006B40CA /* LoginView.swift in Sources */,
				DBCBAA0F2BC7D0E1006B40CA /* NetworkManager.swift in Sources */,
				DBCBA9E02BC7BE34006B40CA /* AppDelegate.swift in Sources */,
				DBCBAA0B2BC7D0A5006B40CA /* LoginQuery.swift in Sources */,
				DBCBAA042BC7CD32006B40CA /* BaseViewController.swift in Sources */,
				DBCBAA092BC7CEE8006B40CA /* UserRouter.swift in Sources */,
				DBCBAA152BC7DC8C006B40CA /* JoinQuery.swift in Sources */,
				DBCBAA202BC7E7F2006B40CA /* ViewModelType.swift in Sources */,
				DBCBAA052BC7CD32006B40CA /* BaseView.swift in Sources */,
				DBCBAA1F2BC7E7F2006B40CA /* ReusableID.swift in Sources */,
				DBCBAA132BC7D900006B40CA /* LoginResponse.swift in Sources */,
				DBCBAA012BC7CCFE006B40CA /* APIKey.swift in Sources */,
				DBCBAA112BC7D0F0006B40CA /* TargetType.swift in Sources */,
				DBCBAA242BC7E82A006B40CA /* LoginViewModel.swift in Sources */,
				DBCBA9E22BC7BE34006B40CA /* SceneDelegate.swift in Sources */,
			);
			runOnlyForDeploymentPostprocessing = 0;
		};
/* End PBXSourcesBuildPhase section */

/* Begin PBXVariantGroup section */
		DBCBA9EA2BC7BE35006B40CA /* LaunchScreen.storyboard */ = {
			isa = PBXVariantGroup;
			children = (
				DBCBA9EB2BC7BE35006B40CA /* Base */,
			);
			name = LaunchScreen.storyboard;
			sourceTree = "<group>";
		};
/* End PBXVariantGroup section */

/* Begin XCBuildConfiguration section */
		DBCBA9EE2BC7BE35006B40CA /* Debug */ = {
			isa = XCBuildConfiguration;
			buildSettings = {
				ALWAYS_SEARCH_USER_PATHS = NO;
				ASSETCATALOG_COMPILER_GENERATE_SWIFT_ASSET_SYMBOL_EXTENSIONS = YES;
				CLANG_ANALYZER_NONNULL = YES;
				CLANG_ANALYZER_NUMBER_OBJECT_CONVERSION = YES_AGGRESSIVE;
				CLANG_CXX_LANGUAGE_STANDARD = "gnu++20";
				CLANG_ENABLE_MODULES = YES;
				CLANG_ENABLE_OBJC_ARC = YES;
				CLANG_ENABLE_OBJC_WEAK = YES;
				CLANG_WARN_BLOCK_CAPTURE_AUTORELEASING = YES;
				CLANG_WARN_BOOL_CONVERSION = YES;
				CLANG_WARN_COMMA = YES;
				CLANG_WARN_CONSTANT_CONVERSION = YES;
				CLANG_WARN_DEPRECATED_OBJC_IMPLEMENTATIONS = YES;
				CLANG_WARN_DIRECT_OBJC_ISA_USAGE = YES_ERROR;
				CLANG_WARN_DOCUMENTATION_COMMENTS = YES;
				CLANG_WARN_EMPTY_BODY = YES;
				CLANG_WARN_ENUM_CONVERSION = YES;
				CLANG_WARN_INFINITE_RECURSION = YES;
				CLANG_WARN_INT_CONVERSION = YES;
				CLANG_WARN_NON_LITERAL_NULL_CONVERSION = YES;
				CLANG_WARN_OBJC_IMPLICIT_RETAIN_SELF = YES;
				CLANG_WARN_OBJC_LITERAL_CONVERSION = YES;
				CLANG_WARN_OBJC_ROOT_CLASS = YES_ERROR;
				CLANG_WARN_QUOTED_INCLUDE_IN_FRAMEWORK_HEADER = YES;
				CLANG_WARN_RANGE_LOOP_ANALYSIS = YES;
				CLANG_WARN_STRICT_PROTOTYPES = YES;
				CLANG_WARN_SUSPICIOUS_MOVE = YES;
				CLANG_WARN_UNGUARDED_AVAILABILITY = YES_AGGRESSIVE;
				CLANG_WARN_UNREACHABLE_CODE = YES;
				CLANG_WARN__DUPLICATE_METHOD_MATCH = YES;
				COPY_PHASE_STRIP = NO;
				DEBUG_INFORMATION_FORMAT = dwarf;
				ENABLE_STRICT_OBJC_MSGSEND = YES;
				ENABLE_TESTABILITY = YES;
				ENABLE_USER_SCRIPT_SANDBOXING = NO;
				GCC_C_LANGUAGE_STANDARD = gnu17;
				GCC_DYNAMIC_NO_PIC = NO;
				GCC_NO_COMMON_BLOCKS = YES;
				GCC_OPTIMIZATION_LEVEL = 0;
				GCC_PREPROCESSOR_DEFINITIONS = (
					"DEBUG=1",
					"$(inherited)",
				);
				GCC_WARN_64_TO_32_BIT_CONVERSION = YES;
				GCC_WARN_ABOUT_RETURN_TYPE = YES_ERROR;
				GCC_WARN_UNDECLARED_SELECTOR = YES;
				GCC_WARN_UNINITIALIZED_AUTOS = YES_AGGRESSIVE;
				GCC_WARN_UNUSED_FUNCTION = YES;
				GCC_WARN_UNUSED_VARIABLE = YES;
				IPHONEOS_DEPLOYMENT_TARGET = 17.4;
				LOCALIZATION_PREFERS_STRING_CATALOGS = YES;
				MTL_ENABLE_DEBUG_INFO = INCLUDE_SOURCE;
				MTL_FAST_MATH = YES;
				ONLY_ACTIVE_ARCH = YES;
				SDKROOT = iphoneos;
				SWIFT_ACTIVE_COMPILATION_CONDITIONS = "DEBUG $(inherited)";
				SWIFT_OPTIMIZATION_LEVEL = "-Onone";
			};
			name = Debug;
		};
		DBCBA9EF2BC7BE35006B40CA /* Release */ = {
			isa = XCBuildConfiguration;
			buildSettings = {
				ALWAYS_SEARCH_USER_PATHS = NO;
				ASSETCATALOG_COMPILER_GENERATE_SWIFT_ASSET_SYMBOL_EXTENSIONS = YES;
				CLANG_ANALYZER_NONNULL = YES;
				CLANG_ANALYZER_NUMBER_OBJECT_CONVERSION = YES_AGGRESSIVE;
				CLANG_CXX_LANGUAGE_STANDARD = "gnu++20";
				CLANG_ENABLE_MODULES = YES;
				CLANG_ENABLE_OBJC_ARC = YES;
				CLANG_ENABLE_OBJC_WEAK = YES;
				CLANG_WARN_BLOCK_CAPTURE_AUTORELEASING = YES;
				CLANG_WARN_BOOL_CONVERSION = YES;
				CLANG_WARN_COMMA = YES;
				CLANG_WARN_CONSTANT_CONVERSION = YES;
				CLANG_WARN_DEPRECATED_OBJC_IMPLEMENTATIONS = YES;
				CLANG_WARN_DIRECT_OBJC_ISA_USAGE = YES_ERROR;
				CLANG_WARN_DOCUMENTATION_COMMENTS = YES;
				CLANG_WARN_EMPTY_BODY = YES;
				CLANG_WARN_ENUM_CONVERSION = YES;
				CLANG_WARN_INFINITE_RECURSION = YES;
				CLANG_WARN_INT_CONVERSION = YES;
				CLANG_WARN_NON_LITERAL_NULL_CONVERSION = YES;
				CLANG_WARN_OBJC_IMPLICIT_RETAIN_SELF = YES;
				CLANG_WARN_OBJC_LITERAL_CONVERSION = YES;
				CLANG_WARN_OBJC_ROOT_CLASS = YES_ERROR;
				CLANG_WARN_QUOTED_INCLUDE_IN_FRAMEWORK_HEADER = YES;
				CLANG_WARN_RANGE_LOOP_ANALYSIS = YES;
				CLANG_WARN_STRICT_PROTOTYPES = YES;
				CLANG_WARN_SUSPICIOUS_MOVE = YES;
				CLANG_WARN_UNGUARDED_AVAILABILITY = YES_AGGRESSIVE;
				CLANG_WARN_UNREACHABLE_CODE = YES;
				CLANG_WARN__DUPLICATE_METHOD_MATCH = YES;
				COPY_PHASE_STRIP = NO;
				DEBUG_INFORMATION_FORMAT = "dwarf-with-dsym";
				ENABLE_NS_ASSERTIONS = NO;
				ENABLE_STRICT_OBJC_MSGSEND = YES;
				ENABLE_USER_SCRIPT_SANDBOXING = NO;
				GCC_C_LANGUAGE_STANDARD = gnu17;
				GCC_NO_COMMON_BLOCKS = YES;
				GCC_WARN_64_TO_32_BIT_CONVERSION = YES;
				GCC_WARN_ABOUT_RETURN_TYPE = YES_ERROR;
				GCC_WARN_UNDECLARED_SELECTOR = YES;
				GCC_WARN_UNINITIALIZED_AUTOS = YES_AGGRESSIVE;
				GCC_WARN_UNUSED_FUNCTION = YES;
				GCC_WARN_UNUSED_VARIABLE = YES;
				IPHONEOS_DEPLOYMENT_TARGET = 17.4;
				LOCALIZATION_PREFERS_STRING_CATALOGS = YES;
				MTL_ENABLE_DEBUG_INFO = NO;
				MTL_FAST_MATH = YES;
				SDKROOT = iphoneos;
				SWIFT_COMPILATION_MODE = wholemodule;
				VALIDATE_PRODUCT = YES;
			};
			name = Release;
		};
		DBCBA9F12BC7BE35006B40CA /* Debug */ = {
			isa = XCBuildConfiguration;
			baseConfigurationReference = 6E065FA89B28CFAB4A4CCE5E /* Pods-YeogiApa.debug.xcconfig */;
			buildSettings = {
				ASSETCATALOG_COMPILER_APPICON_NAME = AppIcon;
				ASSETCATALOG_COMPILER_GLOBAL_ACCENT_COLOR_NAME = AccentColor;
				CODE_SIGN_STYLE = Automatic;
				CURRENT_PROJECT_VERSION = 1;
				DEVELOPMENT_TEAM = SUZFV58S8B;
				GENERATE_INFOPLIST_FILE = YES;
				INFOPLIST_FILE = YeogiApa/Application/Info.plist;
				INFOPLIST_KEY_UIApplicationSupportsIndirectInputEvents = YES;
				INFOPLIST_KEY_UILaunchStoryboardName = LaunchScreen;
				INFOPLIST_KEY_UIMainStoryboardFile = "";
				INFOPLIST_KEY_UISupportedInterfaceOrientations = UIInterfaceOrientationPortrait;
				INFOPLIST_KEY_UISupportedInterfaceOrientations_iPad = "UIInterfaceOrientationLandscapeLeft UIInterfaceOrientationLandscapeRight UIInterfaceOrientationPortrait UIInterfaceOrientationPortraitUpsideDown";
				IPHONEOS_DEPLOYMENT_TARGET = 16;
				LD_RUNPATH_SEARCH_PATHS = (
					"$(inherited)",
					"@executable_path/Frameworks",
				);
				MARKETING_VERSION = 1.0;
				PRODUCT_BUNDLE_IDENTIFIER = com.jinoo.YeogiApa;
				PRODUCT_NAME = "$(TARGET_NAME)";
				SUPPORTED_PLATFORMS = "iphoneos iphonesimulator";
				SUPPORTS_MACCATALYST = NO;
				SUPPORTS_MAC_DESIGNED_FOR_IPHONE_IPAD = NO;
				SUPPORTS_XR_DESIGNED_FOR_IPHONE_IPAD = NO;
				SWIFT_EMIT_LOC_STRINGS = YES;
				SWIFT_VERSION = 5.0;
				TARGETED_DEVICE_FAMILY = 1;
			};
			name = Debug;
		};
		DBCBA9F22BC7BE35006B40CA /* Release */ = {
			isa = XCBuildConfiguration;
			baseConfigurationReference = CE70E4E40DA521BFE3917A88 /* Pods-YeogiApa.release.xcconfig */;
			buildSettings = {
				ASSETCATALOG_COMPILER_APPICON_NAME = AppIcon;
				ASSETCATALOG_COMPILER_GLOBAL_ACCENT_COLOR_NAME = AccentColor;
				CODE_SIGN_STYLE = Automatic;
				CURRENT_PROJECT_VERSION = 1;
				DEVELOPMENT_TEAM = SUZFV58S8B;
				GENERATE_INFOPLIST_FILE = YES;
				INFOPLIST_FILE = YeogiApa/Application/Info.plist;
				INFOPLIST_KEY_UIApplicationSupportsIndirectInputEvents = YES;
				INFOPLIST_KEY_UILaunchStoryboardName = LaunchScreen;
				INFOPLIST_KEY_UIMainStoryboardFile = "";
				INFOPLIST_KEY_UISupportedInterfaceOrientations = UIInterfaceOrientationPortrait;
				INFOPLIST_KEY_UISupportedInterfaceOrientations_iPad = "UIInterfaceOrientationLandscapeLeft UIInterfaceOrientationLandscapeRight UIInterfaceOrientationPortrait UIInterfaceOrientationPortraitUpsideDown";
				IPHONEOS_DEPLOYMENT_TARGET = 16;
				LD_RUNPATH_SEARCH_PATHS = (
					"$(inherited)",
					"@executable_path/Frameworks",
				);
				MARKETING_VERSION = 1.0;
				PRODUCT_BUNDLE_IDENTIFIER = com.jinoo.YeogiApa;
				PRODUCT_NAME = "$(TARGET_NAME)";
				SUPPORTED_PLATFORMS = "iphoneos iphonesimulator";
				SUPPORTS_MACCATALYST = NO;
				SUPPORTS_MAC_DESIGNED_FOR_IPHONE_IPAD = NO;
				SUPPORTS_XR_DESIGNED_FOR_IPHONE_IPAD = NO;
				SWIFT_EMIT_LOC_STRINGS = YES;
				SWIFT_VERSION = 5.0;
				TARGETED_DEVICE_FAMILY = 1;
			};
			name = Release;
		};
/* End XCBuildConfiguration section */

/* Begin XCConfigurationList section */
		DBCBA9D72BC7BE34006B40CA /* Build configuration list for PBXProject "YeogiApa" */ = {
			isa = XCConfigurationList;
			buildConfigurations = (
				DBCBA9EE2BC7BE35006B40CA /* Debug */,
				DBCBA9EF2BC7BE35006B40CA /* Release */,
			);
			defaultConfigurationIsVisible = 0;
			defaultConfigurationName = Release;
		};
		DBCBA9F02BC7BE35006B40CA /* Build configuration list for PBXNativeTarget "YeogiApa" */ = {
			isa = XCConfigurationList;
			buildConfigurations = (
				DBCBA9F12BC7BE35006B40CA /* Debug */,
				DBCBA9F22BC7BE35006B40CA /* Release */,
			);
			defaultConfigurationIsVisible = 0;
			defaultConfigurationName = Release;
		};
/* End XCConfigurationList section */
	};
	rootObject = DBCBA9D42BC7BE34006B40CA /* Project object */;
}
